// !$*UTF8*$!
{
	archiveVersion = 1;
	classes = {
	};
	objectVersion = 56;
	objects = {

/* Begin PBXBuildFile section */
		E45B1CE22CB0EBDB006A7E85 /* DataFetcher.swift in Sources */ = {isa = PBXBuildFile; fileRef = E45B1CE12CB0EBD9006A7E85 /* DataFetcher.swift */; };
		E45B1CE82CB158F8006A7E85 /* FilterOptions.swift in Sources */ = {isa = PBXBuildFile; fileRef = E45B1CE72CB158E5006A7E85 /* FilterOptions.swift */; };
		E45B1CEA2CB15942006A7E85 /* SortOptions.swift in Sources */ = {isa = PBXBuildFile; fileRef = E45B1CE92CB15940006A7E85 /* SortOptions.swift */; };
		E45B1CEC2CB1790A006A7E85 /* IIDXVersion.swift in Sources */ = {isa = PBXBuildFile; fileRef = E45B1CEB2CB17908006A7E85 /* IIDXVersion.swift */; };
		E45B1D082CB19968006A7E85 /* AutomaticMatchedTransitionSource.swift in Sources */ = {isa = PBXBuildFile; fileRef = E45B1D072CB19967006A7E85 /* AutomaticMatchedTransitionSource.swift */; };
		E45B1D0A2CB19973006A7E85 /* AutomaticNavigationTransition.swift in Sources */ = {isa = PBXBuildFile; fileRef = E45B1D092CB19973006A7E85 /* AutomaticNavigationTransition.swift */; };
		E45B1D0D2CB271D4006A7E85 /* TowerView.swift in Sources */ = {isa = PBXBuildFile; fileRef = E45B1D0C2CB271D1006A7E85 /* TowerView.swift */; };
		E45B1D0F2CB27962006A7E85 /* JavaScript.swift in Sources */ = {isa = PBXBuildFile; fileRef = E45B1D0E2CB27960006A7E85 /* JavaScript.swift */; };
		E45B1D132CB2ACAE006A7E85 /* ScoresView+Functions.swift in Sources */ = {isa = PBXBuildFile; fileRef = E45B1D122CB2ACAB006A7E85 /* ScoresView+Functions.swift */; };
		E46A65E02C0A276800D9544B /* DetailRow.swift in Sources */ = {isa = PBXBuildFile; fileRef = E46A65DF2C0A276800D9544B /* DetailRow.swift */; };
		E46A65E32C0ACAC400D9544B /* SwiftSoup in Frameworks */ = {isa = PBXBuildFile; productRef = E46A65E22C0ACAC400D9544B /* SwiftSoup */; };
		E46A65E52C0ACADB00D9544B /* IIDXSong.swift in Sources */ = {isa = PBXBuildFile; fileRef = E46A65E42C0ACADB00D9544B /* IIDXSong.swift */; };
		E46A65E72C0ACBAA00D9544B /* IIDXPlayType.swift in Sources */ = {isa = PBXBuildFile; fileRef = E46A65E62C0ACBAA00D9544B /* IIDXPlayType.swift */; };
		E46A65EA2C0AE83E00D9544B /* Localizable.xcstrings in Resources */ = {isa = PBXBuildFile; fileRef = E46A65E92C0AE83E00D9544B /* Localizable.xcstrings */; };
		E46A65ED2C0AFC7800D9544B /* MoreBemaniWikiCharts.swift in Sources */ = {isa = PBXBuildFile; fileRef = E46A65EC2C0AFC7800D9544B /* MoreBemaniWikiCharts.swift */; };
		E46A65EF2C0AFF0000D9544B /* ProgressAlert.swift in Sources */ = {isa = PBXBuildFile; fileRef = E46A65EE2C0AFF0000D9544B /* ProgressAlert.swift */; };
		E46A65F32C0B112900D9544B /* LevelDetailRow.swift in Sources */ = {isa = PBXBuildFile; fileRef = E46A65F22C0B112900D9544B /* LevelDetailRow.swift */; };
		E46A65F52C0B3C9700D9544B /* ProgressAlertManager.swift in Sources */ = {isa = PBXBuildFile; fileRef = E46A65F42C0B3C9700D9544B /* ProgressAlertManager.swift */; };
		E46A65F92C0B5E7300D9544B /* TextageViewer.swift in Sources */ = {isa = PBXBuildFile; fileRef = E46A65F82C0B5E7300D9544B /* TextageViewer.swift */; };
		E46A65FB2C0B635200D9544B /* IIDXPlaySide.swift in Sources */ = {isa = PBXBuildFile; fileRef = E46A65FA2C0B635200D9544B /* IIDXPlaySide.swift */; };
		E46A65FD2C0C8E9600D9544B /* AnalyticsView+Functions.swift in Sources */ = {isa = PBXBuildFile; fileRef = E46A65FC2C0C8E9600D9544B /* AnalyticsView+Functions.swift */; };
		E46A65FF2C0C918300D9544B /* IIDXDJLevel.swift in Sources */ = {isa = PBXBuildFile; fileRef = E46A65FE2C0C918300D9544B /* IIDXDJLevel.swift */; };
		E46A66012C0C926E00D9544B /* IIDXClearType.swift in Sources */ = {isa = PBXBuildFile; fileRef = E46A66002C0C926E00D9544B /* IIDXClearType.swift */; };
		E46A66032C0CA6D000D9544B /* IIDXDifficulty.swift in Sources */ = {isa = PBXBuildFile; fileRef = E46A66022C0CA6D000D9544B /* IIDXDifficulty.swift */; };
		E46A66052C0CA71E00D9544B /* ScoreRow.swift in Sources */ = {isa = PBXBuildFile; fileRef = E46A66042C0CA71E00D9544B /* ScoreRow.swift */; };
		E46A66072C0CC12800D9544B /* ScoreSortAndFilter.swift in Sources */ = {isa = PBXBuildFile; fileRef = E46A66062C0CC12800D9544B /* ScoreSortAndFilter.swift */; };
		E46A66092C0CC45500D9544B /* NoteTypeDetailRow.swift in Sources */ = {isa = PBXBuildFile; fileRef = E46A66082C0CC45500D9544B /* NoteTypeDetailRow.swift */; };
		E46A660B2C0CC59500D9544B /* ClearTypeDetailRow.swift in Sources */ = {isa = PBXBuildFile; fileRef = E46A660A2C0CC59500D9544B /* ClearTypeDetailRow.swift */; };
		E46D51AB2C25BDFA000524B9 /* AnalyticsViewMode.swift in Sources */ = {isa = PBXBuildFile; fileRef = E46D51AA2C25BDFA000524B9 /* AnalyticsViewMode.swift */; };
		E46D51AD2C2648B1000524B9 /* ToolbarButton.swift in Sources */ = {isa = PBXBuildFile; fileRef = E46D51AC2C2648B1000524B9 /* ToolbarButton.swift */; };
		E46D51AF2C264E73000524B9 /* TabBarAccessory.swift in Sources */ = {isa = PBXBuildFile; fileRef = E46D51AE2C264E73000524B9 /* TabBarAccessory.swift */; };
		E46D51B12C26501D000524B9 /* LargeInlineTitle.swift in Sources */ = {isa = PBXBuildFile; fileRef = E46D51B02C26501D000524B9 /* LargeInlineTitle.swift */; };
		E46D51B42C284CFE000524B9 /* Collections in Frameworks */ = {isa = PBXBuildFile; productRef = E46D51B32C284CFE000524B9 /* Collections */; };
		E46D51B62C2858E3000524B9 /* TrendsClearTypeGraph.swift in Sources */ = {isa = PBXBuildFile; fileRef = E46D51B52C2858E3000524B9 /* TrendsClearTypeGraph.swift */; };
		E46D51BC2C2B095E000524B9 /* CachedTrendData.swift in Sources */ = {isa = PBXBuildFile; fileRef = E46D51BB2C2B095E000524B9 /* CachedTrendData.swift */; };
		E46D51BF2C2FF5FF000524B9 /* StartHereTip.swift in Sources */ = {isa = PBXBuildFile; fileRef = E46D51BE2C2FF5F6000524B9 /* StartHereTip.swift */; };
		E46D51C12C2FF737000524B9 /* ImportWikiDataTip.swift in Sources */ = {isa = PBXBuildFile; fileRef = E46D51C02C2FF737000524B9 /* ImportWikiDataTip.swift */; };
		E47269012C3A2A5F00D5335D /* TrendsDJLevelGraph.swift in Sources */ = {isa = PBXBuildFile; fileRef = E47269002C3A2A5C00D5335D /* TrendsDJLevelGraph.swift */; };
		E48365662C9E4291008666E3 /* DataImporter.swift in Sources */ = {isa = PBXBuildFile; fileRef = E48365652C9E428F008666E3 /* DataImporter.swift */; };
		E48ABABC2C1F2AEF00C82578 /* PlayTypePicker.swift in Sources */ = {isa = PBXBuildFile; fileRef = E48ABABB2C1F2AEF00C82578 /* PlayTypePicker.swift */; };
		E48B628A2C5F47CF007874AE /* UserDefaults.swift in Sources */ = {isa = PBXBuildFile; fileRef = E48B62892C5F47CE007874AE /* UserDefaults.swift */; };
		E49359DA2C00AD060022E385 /* DataState.swift in Sources */ = {isa = PBXBuildFile; fileRef = E49359D92C00AD060022E385 /* DataState.swift */; };
		E49359DC2C00C29C0022E385 /* ManualImporter.swift in Sources */ = {isa = PBXBuildFile; fileRef = E49359DB2C00C29C0022E385 /* ManualImporter.swift */; };
		E49359DF2C00E4230022E385 /* LevelLabelOrientation.swift in Sources */ = {isa = PBXBuildFile; fileRef = E49359DE2C00E4230022E385 /* LevelLabelOrientation.swift */; };
		E49359E12C016F2F0022E385 /* SortMode.swift in Sources */ = {isa = PBXBuildFile; fileRef = E49359E02C016F2F0022E385 /* SortMode.swift */; };
		E49359E32C0170E80022E385 /* IIDXLevel.swift in Sources */ = {isa = PBXBuildFile; fileRef = E49359E22C0170E80022E385 /* IIDXLevel.swift */; };
		E4B123B02BF8E8E400D4A3D1 /* App.swift in Sources */ = {isa = PBXBuildFile; fileRef = E4B123AF2BF8E8E400D4A3D1 /* App.swift */; };
		E4B123B22BF8E8E400D4A3D1 /* ScoresView.swift in Sources */ = {isa = PBXBuildFile; fileRef = E4B123B12BF8E8E400D4A3D1 /* ScoresView.swift */; };
		E4B123B42BF8E8E400D4A3D1 /* IIDXSongRecord.swift in Sources */ = {isa = PBXBuildFile; fileRef = E4B123B32BF8E8E400D4A3D1 /* IIDXSongRecord.swift */; };
		E4B123B62BF8E8E500D4A3D1 /* Assets.xcassets in Resources */ = {isa = PBXBuildFile; fileRef = E4B123B52BF8E8E500D4A3D1 /* Assets.xcassets */; };
		E4B123CB2BF8F7DC00D4A3D1 /* SampleData.csv in Resources */ = {isa = PBXBuildFile; fileRef = E4B123CA2BF8F7DC00D4A3D1 /* SampleData.csv */; };
		E4B123CE2BF8FEC900D4A3D1 /* CSwiftV.swift in Sources */ = {isa = PBXBuildFile; fileRef = E4B123CD2BF8FEC900D4A3D1 /* CSwiftV.swift */; };
		E4B123D22BF909CD00D4A3D1 /* MainTabView.swift in Sources */ = {isa = PBXBuildFile; fileRef = E4B123D12BF909CD00D4A3D1 /* MainTabView.swift */; };
		E4B123D72BF90A4300D4A3D1 /* MoreView.swift in Sources */ = {isa = PBXBuildFile; fileRef = E4B123D62BF90A4300D4A3D1 /* MoreView.swift */; };
		E4B123DA2BF90C1D00D4A3D1 /* DocumentPicker.swift in Sources */ = {isa = PBXBuildFile; fileRef = E4B123D92BF90C1D00D4A3D1 /* DocumentPicker.swift */; };
		E4B4CF9F2C10AA6F0069EC8C /* String.swift in Sources */ = {isa = PBXBuildFile; fileRef = E4B4CF9E2C10AA6F0069EC8C /* String.swift */; };
		E4BC32802C036C82006A0F7A /* ConditionalShadow.swift in Sources */ = {isa = PBXBuildFile; fileRef = E4BC327F2C036C82006A0F7A /* ConditionalShadow.swift */; };
		E4BC32822C036CBD006A0F7A /* LevelLabelGlow.swift in Sources */ = {isa = PBXBuildFile; fileRef = E4BC32812C036CBD006A0F7A /* LevelLabelGlow.swift */; };
		E4C5053C2C0E71D700A0C303 /* ScoreHistoryViewer.swift in Sources */ = {isa = PBXBuildFile; fileRef = E4C5053B2C0E71D700A0C303 /* ScoreHistoryViewer.swift */; };
		E4E3D0C32BF98D57001942FE /* ScoreViewer.swift in Sources */ = {isa = PBXBuildFile; fileRef = E4E3D0C22BF98D57001942FE /* ScoreViewer.swift */; };
		E4E3D0C52BF98D79001942FE /* NavigationManager.swift in Sources */ = {isa = PBXBuildFile; fileRef = E4E3D0C42BF98D79001942FE /* NavigationManager.swift */; };
		E4E3D0CA2BF98DB7001942FE /* TabType.swift in Sources */ = {isa = PBXBuildFile; fileRef = E4E3D0C92BF98DB7001942FE /* TabType.swift */; };
		E4E3D0CC2BF98DC7001942FE /* ViewPath.swift in Sources */ = {isa = PBXBuildFile; fileRef = E4E3D0CB2BF98DC7001942FE /* ViewPath.swift */; };
		E4E3D0CE2BF990CC001942FE /* IIDXLevelLabel.swift in Sources */ = {isa = PBXBuildFile; fileRef = E4E3D0CD2BF990CC001942FE /* IIDXLevelLabel.swift */; };
		E4E3D0D02BF9959A001942FE /* IIDXLevelShowcase.swift in Sources */ = {isa = PBXBuildFile; fileRef = E4E3D0CF2BF9959A001942FE /* IIDXLevelShowcase.swift */; };
		E4E3D0D22BF99790001942FE /* DetailedSongTitle.swift in Sources */ = {isa = PBXBuildFile; fileRef = E4E3D0D12BF99790001942FE /* DetailedSongTitle.swift */; };
		E4E3D0D42BF99A86001942FE /* ScoreSection.swift in Sources */ = {isa = PBXBuildFile; fileRef = E4E3D0D32BF99A86001942FE /* ScoreSection.swift */; };
		E4E3D0D72BF9A220001942FE /* Komponents in Frameworks */ = {isa = PBXBuildFile; productRef = E4E3D0D62BF9A220001942FE /* Komponents */; };
		E4E3D0DE2BF9D662001942FE /* AnalyticsView.swift in Sources */ = {isa = PBXBuildFile; fileRef = E4E3D0DD2BF9D662001942FE /* AnalyticsView.swift */; };
		E4E3D0E82BFA2B95001942FE /* WebImporter.swift in Sources */ = {isa = PBXBuildFile; fileRef = E4E3D0E72BFA2B95001942FE /* WebImporter.swift */; };
		E4E3D0EA2BFA47B1001942FE /* ImportFailedReason.swift in Sources */ = {isa = PBXBuildFile; fileRef = E4E3D0E92BFA47B1001942FE /* ImportFailedReason.swift */; };
		E4E3D0EE2BFC034C001942FE /* OverviewClearTypeOverallGraph.swift in Sources */ = {isa = PBXBuildFile; fileRef = E4E3D0ED2BFC034C001942FE /* OverviewClearTypeOverallGraph.swift */; };
		E4E3D0F02BFC03CB001942FE /* OverviewClearTypePerDifficultyGraph.swift in Sources */ = {isa = PBXBuildFile; fileRef = E4E3D0EF2BFC03CB001942FE /* OverviewClearTypePerDifficultyGraph.swift */; };
		E4E3D0F22BFC0489001942FE /* OverviewDJLevelPerDifficultyGraph.swift in Sources */ = {isa = PBXBuildFile; fileRef = E4E3D0F12BFC0489001942FE /* OverviewDJLevelPerDifficultyGraph.swift */; };
		E4E3D0F42BFC053D001942FE /* DifficultyPicker.swift in Sources */ = {isa = PBXBuildFile; fileRef = E4E3D0F32BFC053D001942FE /* DifficultyPicker.swift */; };
		E4EB2CA32BFF78F300A00796 /* ImportGroup.swift in Sources */ = {isa = PBXBuildFile; fileRef = E4EB2CA22BFF78F300A00796 /* ImportGroup.swift */; };
		E4EB2CA82BFF7E3700A00796 /* ImportView.swift in Sources */ = {isa = PBXBuildFile; fileRef = E4EB2CA72BFF7E3700A00796 /* ImportView.swift */; };
/* End PBXBuildFile section */

/* Begin PBXFileReference section */
		E45B1CE12CB0EBD9006A7E85 /* DataFetcher.swift */ = {isa = PBXFileReference; lastKnownFileType = sourcecode.swift; path = DataFetcher.swift; sourceTree = "<group>"; };
		E45B1CE72CB158E5006A7E85 /* FilterOptions.swift */ = {isa = PBXFileReference; lastKnownFileType = sourcecode.swift; path = FilterOptions.swift; sourceTree = "<group>"; };
		E45B1CE92CB15940006A7E85 /* SortOptions.swift */ = {isa = PBXFileReference; lastKnownFileType = sourcecode.swift; path = SortOptions.swift; sourceTree = "<group>"; };
		E45B1CEB2CB17908006A7E85 /* IIDXVersion.swift */ = {isa = PBXFileReference; lastKnownFileType = sourcecode.swift; path = IIDXVersion.swift; sourceTree = "<group>"; };
		E45B1D072CB19967006A7E85 /* AutomaticMatchedTransitionSource.swift */ = {isa = PBXFileReference; lastKnownFileType = sourcecode.swift; path = AutomaticMatchedTransitionSource.swift; sourceTree = "<group>"; };
		E45B1D092CB19973006A7E85 /* AutomaticNavigationTransition.swift */ = {isa = PBXFileReference; lastKnownFileType = sourcecode.swift; path = AutomaticNavigationTransition.swift; sourceTree = "<group>"; };
		E45B1D0C2CB271D1006A7E85 /* TowerView.swift */ = {isa = PBXFileReference; lastKnownFileType = sourcecode.swift; path = TowerView.swift; sourceTree = "<group>"; };
		E45B1D0E2CB27960006A7E85 /* JavaScript.swift */ = {isa = PBXFileReference; lastKnownFileType = sourcecode.swift; path = JavaScript.swift; sourceTree = "<group>"; };
		E45B1D122CB2ACAB006A7E85 /* ScoresView+Functions.swift */ = {isa = PBXFileReference; lastKnownFileType = sourcecode.swift; path = "ScoresView+Functions.swift"; sourceTree = "<group>"; };
		E46A65DF2C0A276800D9544B /* DetailRow.swift */ = {isa = PBXFileReference; lastKnownFileType = sourcecode.swift; path = DetailRow.swift; sourceTree = "<group>"; };
		E46A65E42C0ACADB00D9544B /* IIDXSong.swift */ = {isa = PBXFileReference; lastKnownFileType = sourcecode.swift; path = IIDXSong.swift; sourceTree = "<group>"; };
		E46A65E62C0ACBAA00D9544B /* IIDXPlayType.swift */ = {isa = PBXFileReference; lastKnownFileType = sourcecode.swift; path = IIDXPlayType.swift; sourceTree = "<group>"; };
		E46A65E92C0AE83E00D9544B /* Localizable.xcstrings */ = {isa = PBXFileReference; lastKnownFileType = text.json.xcstrings; path = Localizable.xcstrings; sourceTree = "<group>"; };
		E46A65EC2C0AFC7800D9544B /* MoreBemaniWikiCharts.swift */ = {isa = PBXFileReference; lastKnownFileType = sourcecode.swift; path = MoreBemaniWikiCharts.swift; sourceTree = "<group>"; };
		E46A65EE2C0AFF0000D9544B /* ProgressAlert.swift */ = {isa = PBXFileReference; lastKnownFileType = sourcecode.swift; path = ProgressAlert.swift; sourceTree = "<group>"; };
		E46A65F22C0B112900D9544B /* LevelDetailRow.swift */ = {isa = PBXFileReference; lastKnownFileType = sourcecode.swift; path = LevelDetailRow.swift; sourceTree = "<group>"; };
		E46A65F42C0B3C9700D9544B /* ProgressAlertManager.swift */ = {isa = PBXFileReference; lastKnownFileType = sourcecode.swift; path = ProgressAlertManager.swift; sourceTree = "<group>"; };
		E46A65F82C0B5E7300D9544B /* TextageViewer.swift */ = {isa = PBXFileReference; lastKnownFileType = sourcecode.swift; path = TextageViewer.swift; sourceTree = "<group>"; };
		E46A65FA2C0B635200D9544B /* IIDXPlaySide.swift */ = {isa = PBXFileReference; lastKnownFileType = sourcecode.swift; path = IIDXPlaySide.swift; sourceTree = "<group>"; };
		E46A65FC2C0C8E9600D9544B /* AnalyticsView+Functions.swift */ = {isa = PBXFileReference; lastKnownFileType = sourcecode.swift; path = "AnalyticsView+Functions.swift"; sourceTree = "<group>"; };
		E46A65FE2C0C918300D9544B /* IIDXDJLevel.swift */ = {isa = PBXFileReference; lastKnownFileType = sourcecode.swift; path = IIDXDJLevel.swift; sourceTree = "<group>"; };
		E46A66002C0C926E00D9544B /* IIDXClearType.swift */ = {isa = PBXFileReference; lastKnownFileType = sourcecode.swift; path = IIDXClearType.swift; sourceTree = "<group>"; };
		E46A66022C0CA6D000D9544B /* IIDXDifficulty.swift */ = {isa = PBXFileReference; lastKnownFileType = sourcecode.swift; path = IIDXDifficulty.swift; sourceTree = "<group>"; };
		E46A66042C0CA71E00D9544B /* ScoreRow.swift */ = {isa = PBXFileReference; lastKnownFileType = sourcecode.swift; path = ScoreRow.swift; sourceTree = "<group>"; };
		E46A66062C0CC12800D9544B /* ScoreSortAndFilter.swift */ = {isa = PBXFileReference; lastKnownFileType = sourcecode.swift; path = ScoreSortAndFilter.swift; sourceTree = "<group>"; };
		E46A66082C0CC45500D9544B /* NoteTypeDetailRow.swift */ = {isa = PBXFileReference; lastKnownFileType = sourcecode.swift; path = NoteTypeDetailRow.swift; sourceTree = "<group>"; };
		E46A660A2C0CC59500D9544B /* ClearTypeDetailRow.swift */ = {isa = PBXFileReference; lastKnownFileType = sourcecode.swift; path = ClearTypeDetailRow.swift; sourceTree = "<group>"; };
		E46D51AA2C25BDFA000524B9 /* AnalyticsViewMode.swift */ = {isa = PBXFileReference; lastKnownFileType = sourcecode.swift; path = AnalyticsViewMode.swift; sourceTree = "<group>"; };
		E46D51AC2C2648B1000524B9 /* ToolbarButton.swift */ = {isa = PBXFileReference; lastKnownFileType = sourcecode.swift; path = ToolbarButton.swift; sourceTree = "<group>"; };
		E46D51AE2C264E73000524B9 /* TabBarAccessory.swift */ = {isa = PBXFileReference; lastKnownFileType = sourcecode.swift; path = TabBarAccessory.swift; sourceTree = "<group>"; };
		E46D51B02C26501D000524B9 /* LargeInlineTitle.swift */ = {isa = PBXFileReference; lastKnownFileType = sourcecode.swift; path = LargeInlineTitle.swift; sourceTree = "<group>"; };
		E46D51B52C2858E3000524B9 /* TrendsClearTypeGraph.swift */ = {isa = PBXFileReference; lastKnownFileType = sourcecode.swift; path = TrendsClearTypeGraph.swift; sourceTree = "<group>"; };
		E46D51BB2C2B095E000524B9 /* CachedTrendData.swift */ = {isa = PBXFileReference; lastKnownFileType = sourcecode.swift; path = CachedTrendData.swift; sourceTree = "<group>"; };
		E46D51BE2C2FF5F6000524B9 /* StartHereTip.swift */ = {isa = PBXFileReference; lastKnownFileType = sourcecode.swift; path = StartHereTip.swift; sourceTree = "<group>"; };
		E46D51C02C2FF737000524B9 /* ImportWikiDataTip.swift */ = {isa = PBXFileReference; lastKnownFileType = sourcecode.swift; path = ImportWikiDataTip.swift; sourceTree = "<group>"; };
		E47269002C3A2A5C00D5335D /* TrendsDJLevelGraph.swift */ = {isa = PBXFileReference; lastKnownFileType = sourcecode.swift; path = TrendsDJLevelGraph.swift; sourceTree = "<group>"; };
		E48365652C9E428F008666E3 /* DataImporter.swift */ = {isa = PBXFileReference; lastKnownFileType = sourcecode.swift; path = DataImporter.swift; sourceTree = "<group>"; };
		E48ABABB2C1F2AEF00C82578 /* PlayTypePicker.swift */ = {isa = PBXFileReference; lastKnownFileType = sourcecode.swift; path = PlayTypePicker.swift; sourceTree = "<group>"; };
		E48B62892C5F47CE007874AE /* UserDefaults.swift */ = {isa = PBXFileReference; lastKnownFileType = sourcecode.swift; path = UserDefaults.swift; sourceTree = "<group>"; };
		E49359D92C00AD060022E385 /* DataState.swift */ = {isa = PBXFileReference; lastKnownFileType = sourcecode.swift; path = DataState.swift; sourceTree = "<group>"; };
		E49359DB2C00C29C0022E385 /* ManualImporter.swift */ = {isa = PBXFileReference; lastKnownFileType = sourcecode.swift; path = ManualImporter.swift; sourceTree = "<group>"; };
		E49359DE2C00E4230022E385 /* LevelLabelOrientation.swift */ = {isa = PBXFileReference; lastKnownFileType = sourcecode.swift; path = LevelLabelOrientation.swift; sourceTree = "<group>"; };
		E49359E02C016F2F0022E385 /* SortMode.swift */ = {isa = PBXFileReference; lastKnownFileType = sourcecode.swift; path = SortMode.swift; sourceTree = "<group>"; };
		E49359E22C0170E80022E385 /* IIDXLevel.swift */ = {isa = PBXFileReference; lastKnownFileType = sourcecode.swift; path = IIDXLevel.swift; sourceTree = "<group>"; };
		E4B123AC2BF8E8E400D4A3D1 /* DJDX.app */ = {isa = PBXFileReference; explicitFileType = wrapper.application; includeInIndex = 0; path = DJDX.app; sourceTree = BUILT_PRODUCTS_DIR; };
		E4B123AF2BF8E8E400D4A3D1 /* App.swift */ = {isa = PBXFileReference; lastKnownFileType = sourcecode.swift; path = App.swift; sourceTree = "<group>"; };
		E4B123B12BF8E8E400D4A3D1 /* ScoresView.swift */ = {isa = PBXFileReference; lastKnownFileType = sourcecode.swift; path = ScoresView.swift; sourceTree = "<group>"; };
		E4B123B32BF8E8E400D4A3D1 /* IIDXSongRecord.swift */ = {isa = PBXFileReference; lastKnownFileType = sourcecode.swift; path = IIDXSongRecord.swift; sourceTree = "<group>"; };
		E4B123B52BF8E8E500D4A3D1 /* Assets.xcassets */ = {isa = PBXFileReference; lastKnownFileType = folder.assetcatalog; path = Assets.xcassets; sourceTree = "<group>"; };
		E4B123CA2BF8F7DC00D4A3D1 /* SampleData.csv */ = {isa = PBXFileReference; fileEncoding = 4; lastKnownFileType = text; path = SampleData.csv; sourceTree = "<group>"; };
		E4B123CD2BF8FEC900D4A3D1 /* CSwiftV.swift */ = {isa = PBXFileReference; lastKnownFileType = sourcecode.swift; path = CSwiftV.swift; sourceTree = "<group>"; };
		E4B123D12BF909CD00D4A3D1 /* MainTabView.swift */ = {isa = PBXFileReference; lastKnownFileType = sourcecode.swift; path = MainTabView.swift; sourceTree = "<group>"; };
		E4B123D62BF90A4300D4A3D1 /* MoreView.swift */ = {isa = PBXFileReference; lastKnownFileType = sourcecode.swift; path = MoreView.swift; sourceTree = "<group>"; };
		E4B123D92BF90C1D00D4A3D1 /* DocumentPicker.swift */ = {isa = PBXFileReference; lastKnownFileType = sourcecode.swift; path = DocumentPicker.swift; sourceTree = "<group>"; };
		E4B4CF9E2C10AA6F0069EC8C /* String.swift */ = {isa = PBXFileReference; lastKnownFileType = sourcecode.swift; path = String.swift; sourceTree = "<group>"; };
		E4BC327F2C036C82006A0F7A /* ConditionalShadow.swift */ = {isa = PBXFileReference; lastKnownFileType = sourcecode.swift; path = ConditionalShadow.swift; sourceTree = "<group>"; };
		E4BC32812C036CBD006A0F7A /* LevelLabelGlow.swift */ = {isa = PBXFileReference; lastKnownFileType = sourcecode.swift; path = LevelLabelGlow.swift; sourceTree = "<group>"; };
		E4C11FF32C01F07900CFB1E4 /* PrivacyInfo.xcprivacy */ = {isa = PBXFileReference; lastKnownFileType = text.xml; path = PrivacyInfo.xcprivacy; sourceTree = "<group>"; };
		E4C5053B2C0E71D700A0C303 /* ScoreHistoryViewer.swift */ = {isa = PBXFileReference; lastKnownFileType = sourcecode.swift; path = ScoreHistoryViewer.swift; sourceTree = "<group>"; };
		E4E3D0C22BF98D57001942FE /* ScoreViewer.swift */ = {isa = PBXFileReference; lastKnownFileType = sourcecode.swift; path = ScoreViewer.swift; sourceTree = "<group>"; };
		E4E3D0C42BF98D79001942FE /* NavigationManager.swift */ = {isa = PBXFileReference; lastKnownFileType = sourcecode.swift; path = NavigationManager.swift; sourceTree = "<group>"; };
		E4E3D0C92BF98DB7001942FE /* TabType.swift */ = {isa = PBXFileReference; lastKnownFileType = sourcecode.swift; path = TabType.swift; sourceTree = "<group>"; };
		E4E3D0CB2BF98DC7001942FE /* ViewPath.swift */ = {isa = PBXFileReference; lastKnownFileType = sourcecode.swift; path = ViewPath.swift; sourceTree = "<group>"; };
		E4E3D0CD2BF990CC001942FE /* IIDXLevelLabel.swift */ = {isa = PBXFileReference; lastKnownFileType = sourcecode.swift; path = IIDXLevelLabel.swift; sourceTree = "<group>"; };
		E4E3D0CF2BF9959A001942FE /* IIDXLevelShowcase.swift */ = {isa = PBXFileReference; lastKnownFileType = sourcecode.swift; path = IIDXLevelShowcase.swift; sourceTree = "<group>"; };
		E4E3D0D12BF99790001942FE /* DetailedSongTitle.swift */ = {isa = PBXFileReference; lastKnownFileType = sourcecode.swift; path = DetailedSongTitle.swift; sourceTree = "<group>"; };
		E4E3D0D32BF99A86001942FE /* ScoreSection.swift */ = {isa = PBXFileReference; lastKnownFileType = sourcecode.swift; path = ScoreSection.swift; sourceTree = "<group>"; };
		E4E3D0D82BF9A2D1001942FE /* Info.plist */ = {isa = PBXFileReference; lastKnownFileType = text.plist; path = Info.plist; sourceTree = "<group>"; };
		E4E3D0DD2BF9D662001942FE /* AnalyticsView.swift */ = {isa = PBXFileReference; lastKnownFileType = sourcecode.swift; path = AnalyticsView.swift; sourceTree = "<group>"; };
		E4E3D0E42BFA243A001942FE /* DJDX.entitlements */ = {isa = PBXFileReference; lastKnownFileType = text.plist.entitlements; path = DJDX.entitlements; sourceTree = "<group>"; };
		E4E3D0E72BFA2B95001942FE /* WebImporter.swift */ = {isa = PBXFileReference; lastKnownFileType = sourcecode.swift; path = WebImporter.swift; sourceTree = "<group>"; };
		E4E3D0E92BFA47B1001942FE /* ImportFailedReason.swift */ = {isa = PBXFileReference; lastKnownFileType = sourcecode.swift; path = ImportFailedReason.swift; sourceTree = "<group>"; };
		E4E3D0ED2BFC034C001942FE /* OverviewClearTypeOverallGraph.swift */ = {isa = PBXFileReference; lastKnownFileType = sourcecode.swift; path = OverviewClearTypeOverallGraph.swift; sourceTree = "<group>"; };
		E4E3D0EF2BFC03CB001942FE /* OverviewClearTypePerDifficultyGraph.swift */ = {isa = PBXFileReference; lastKnownFileType = sourcecode.swift; path = OverviewClearTypePerDifficultyGraph.swift; sourceTree = "<group>"; };
		E4E3D0F12BFC0489001942FE /* OverviewDJLevelPerDifficultyGraph.swift */ = {isa = PBXFileReference; lastKnownFileType = sourcecode.swift; path = OverviewDJLevelPerDifficultyGraph.swift; sourceTree = "<group>"; };
		E4E3D0F32BFC053D001942FE /* DifficultyPicker.swift */ = {isa = PBXFileReference; lastKnownFileType = sourcecode.swift; path = DifficultyPicker.swift; sourceTree = "<group>"; };
		E4EB2CA22BFF78F300A00796 /* ImportGroup.swift */ = {isa = PBXFileReference; lastKnownFileType = sourcecode.swift; path = ImportGroup.swift; sourceTree = "<group>"; };
		E4EB2CA72BFF7E3700A00796 /* ImportView.swift */ = {isa = PBXFileReference; lastKnownFileType = sourcecode.swift; path = ImportView.swift; sourceTree = "<group>"; };
/* End PBXFileReference section */

/* Begin PBXFrameworksBuildPhase section */
		E4B123A92BF8E8E400D4A3D1 /* Frameworks */ = {
			isa = PBXFrameworksBuildPhase;
			buildActionMask = 2147483647;
			files = (
				E46D51B42C284CFE000524B9 /* Collections in Frameworks */,
				E4E3D0D72BF9A220001942FE /* Komponents in Frameworks */,
				E46A65E32C0ACAC400D9544B /* SwiftSoup in Frameworks */,
			);
			runOnlyForDeploymentPostprocessing = 0;
		};
/* End PBXFrameworksBuildPhase section */

/* Begin PBXGroup section */
		E45B1D0B2CB271C5006A7E85 /* Tower */ = {
			isa = PBXGroup;
			children = (
				E45B1D0C2CB271D1006A7E85 /* TowerView.swift */,
			);
			path = Tower;
			sourceTree = "<group>";
		};
		E46A65E82C0AE1E500D9544B /* Shared */ = {
			isa = PBXGroup;
			children = (
				E45B1D0E2CB27960006A7E85 /* JavaScript.swift */,
				E4EB2CA12BFF78E400A00796 /* Data Models */,
			);
			path = Shared;
			sourceTree = "<group>";
		};
		E46D51BA2C2B094B000524B9 /* Structs */ = {
			isa = PBXGroup;
			children = (
				E46D51BD2C2FF5EE000524B9 /* Tips */,
				E46D51BB2C2B095E000524B9 /* CachedTrendData.swift */,
				E45B1CE72CB158E5006A7E85 /* FilterOptions.swift */,
				E45B1CE92CB15940006A7E85 /* SortOptions.swift */,
			);
			path = Structs;
			sourceTree = "<group>";
		};
		E46D51BD2C2FF5EE000524B9 /* Tips */ = {
			isa = PBXGroup;
			children = (
				E46D51BE2C2FF5F6000524B9 /* StartHereTip.swift */,
				E46D51C02C2FF737000524B9 /* ImportWikiDataTip.swift */,
			);
			path = Tips;
			sourceTree = "<group>";
		};
		E48365642C9E4284008666E3 /* Actors */ = {
			isa = PBXGroup;
			children = (
				E45B1CE12CB0EBD9006A7E85 /* DataFetcher.swift */,
				E48365652C9E428F008666E3 /* DataImporter.swift */,
			);
			path = Actors;
			sourceTree = "<group>";
		};
		E4B123A32BF8E8E400D4A3D1 = {
			isa = PBXGroup;
			children = (
				E46A65E82C0AE1E500D9544B /* Shared */,
				E4B123AE2BF8E8E400D4A3D1 /* DJDX */,
				E4B123AD2BF8E8E400D4A3D1 /* Products */,
			);
			sourceTree = "<group>";
		};
		E4B123AD2BF8E8E400D4A3D1 /* Products */ = {
			isa = PBXGroup;
			children = (
				E4B123AC2BF8E8E400D4A3D1 /* DJDX.app */,
			);
			name = Products;
			sourceTree = "<group>";
		};
		E4B123AE2BF8E8E400D4A3D1 /* DJDX */ = {
			isa = PBXGroup;
			children = (
				E4E3D0E42BFA243A001942FE /* DJDX.entitlements */,
				E4E3D0D82BF9A2D1001942FE /* Info.plist */,
				E4C11FF32C01F07900CFB1E4 /* PrivacyInfo.xcprivacy */,
				E4B123B52BF8E8E500D4A3D1 /* Assets.xcassets */,
				E4B123CA2BF8F7DC00D4A3D1 /* SampleData.csv */,
				E46A65E92C0AE83E00D9544B /* Localizable.xcstrings */,
				E4B123D02BF902B600D4A3D1 /* Views */,
				E4BC327E2C036C6F006A0F7A /* View Modifiers */,
				E48365642C9E4284008666E3 /* Actors */,
				E4B123CF2BF9028C00D4A3D1 /* Classes */,
				E46D51BA2C2B094B000524B9 /* Structs */,
				E4E3D0C82BF98DAA001942FE /* Enums */,
				E4B4CF9D2C10AA610069EC8C /* Extensions */,
			);
			path = DJDX;
			sourceTree = "<group>";
		};
		E4B123CF2BF9028C00D4A3D1 /* Classes */ = {
			isa = PBXGroup;
			children = (
				E4B123CD2BF8FEC900D4A3D1 /* CSwiftV.swift */,
				E4E3D0C42BF98D79001942FE /* NavigationManager.swift */,
				E46A65F42C0B3C9700D9544B /* ProgressAlertManager.swift */,
			);
			path = Classes;
			sourceTree = "<group>";
		};
		E4B123D02BF902B600D4A3D1 /* Views */ = {
			isa = PBXGroup;
			children = (
				E4B123AF2BF8E8E400D4A3D1 /* App.swift */,
				E4B123D12BF909CD00D4A3D1 /* MainTabView.swift */,
				E4EB2CA62BFF7E2C00A00796 /* Importer */,
				E4B123DB2BF90D1F00D4A3D1 /* Scores */,
				E4E3D0DC2BF9D645001942FE /* Analytics */,
				E45B1D0B2CB271C5006A7E85 /* Tower */,
				E4B123DC2BF90D2600D4A3D1 /* More */,
				E4B123D82BF90C1300D4A3D1 /* Shared */,
			);
			path = Views;
			sourceTree = "<group>";
		};
		E4B123D82BF90C1300D4A3D1 /* Shared */ = {
			isa = PBXGroup;
			children = (
				E46A660A2C0CC59500D9544B /* ClearTypeDetailRow.swift */,
				E4E3D0D12BF99790001942FE /* DetailedSongTitle.swift */,
				E46A65DF2C0A276800D9544B /* DetailRow.swift */,
				E4B123D92BF90C1D00D4A3D1 /* DocumentPicker.swift */,
				E4E3D0CD2BF990CC001942FE /* IIDXLevelLabel.swift */,
				E4E3D0CF2BF9959A001942FE /* IIDXLevelShowcase.swift */,
				E46D51B02C26501D000524B9 /* LargeInlineTitle.swift */,
				E46A65F22C0B112900D9544B /* LevelDetailRow.swift */,
				E46A66082C0CC45500D9544B /* NoteTypeDetailRow.swift */,
				E48ABABB2C1F2AEF00C82578 /* PlayTypePicker.swift */,
				E46A65EE2C0AFF0000D9544B /* ProgressAlert.swift */,
				E46D51AE2C264E73000524B9 /* TabBarAccessory.swift */,
				E46D51AC2C2648B1000524B9 /* ToolbarButton.swift */,
			);
			path = Shared;
			sourceTree = "<group>";
		};
		E4B123DB2BF90D1F00D4A3D1 /* Scores */ = {
			isa = PBXGroup;
			children = (
				E4B123B12BF8E8E400D4A3D1 /* ScoresView.swift */,
				E45B1D122CB2ACAB006A7E85 /* ScoresView+Functions.swift */,
				E46A66062C0CC12800D9544B /* ScoreSortAndFilter.swift */,
				E46A66042C0CA71E00D9544B /* ScoreRow.swift */,
				E4E3D0C22BF98D57001942FE /* ScoreViewer.swift */,
				E4E3D0D32BF99A86001942FE /* ScoreSection.swift */,
				E4C5053B2C0E71D700A0C303 /* ScoreHistoryViewer.swift */,
				E46A65F82C0B5E7300D9544B /* TextageViewer.swift */,
			);
			path = Scores;
			sourceTree = "<group>";
		};
		E4B123DC2BF90D2600D4A3D1 /* More */ = {
			isa = PBXGroup;
			children = (
				E4B123D62BF90A4300D4A3D1 /* MoreView.swift */,
				E46A65EC2C0AFC7800D9544B /* MoreBemaniWikiCharts.swift */,
			);
			path = More;
			sourceTree = "<group>";
		};
		E4B4CF9D2C10AA610069EC8C /* Extensions */ = {
			isa = PBXGroup;
			children = (
				E48B62892C5F47CE007874AE /* UserDefaults.swift */,
				E4B4CF9E2C10AA6F0069EC8C /* String.swift */,
			);
			path = Extensions;
			sourceTree = "<group>";
		};
		E4BC327E2C036C6F006A0F7A /* View Modifiers */ = {
			isa = PBXGroup;
			children = (
				E45B1D072CB19967006A7E85 /* AutomaticMatchedTransitionSource.swift */,
				E45B1D092CB19973006A7E85 /* AutomaticNavigationTransition.swift */,
				E4BC327F2C036C82006A0F7A /* ConditionalShadow.swift */,
				E4BC32812C036CBD006A0F7A /* LevelLabelGlow.swift */,
			);
			path = "View Modifiers";
			sourceTree = "<group>";
		};
		E4E3D0C82BF98DAA001942FE /* Enums */ = {
			isa = PBXGroup;
			children = (
				E46D51AA2C25BDFA000524B9 /* AnalyticsViewMode.swift */,
				E49359D92C00AD060022E385 /* DataState.swift */,
				E46A66002C0C926E00D9544B /* IIDXClearType.swift */,
				E46A66022C0CA6D000D9544B /* IIDXDifficulty.swift */,
				E46A65FE2C0C918300D9544B /* IIDXDJLevel.swift */,
				E49359E22C0170E80022E385 /* IIDXLevel.swift */,
				E46A65FA2C0B635200D9544B /* IIDXPlaySide.swift */,
				E46A65E62C0ACBAA00D9544B /* IIDXPlayType.swift */,
				E45B1CEB2CB17908006A7E85 /* IIDXVersion.swift */,
				E4E3D0E92BFA47B1001942FE /* ImportFailedReason.swift */,
				E49359DE2C00E4230022E385 /* LevelLabelOrientation.swift */,
				E49359E02C016F2F0022E385 /* SortMode.swift */,
				E4E3D0C92BF98DB7001942FE /* TabType.swift */,
				E4E3D0CB2BF98DC7001942FE /* ViewPath.swift */,
			);
			path = Enums;
			sourceTree = "<group>";
		};
		E4E3D0DC2BF9D645001942FE /* Analytics */ = {
			isa = PBXGroup;
			children = (
				E4E3D0DD2BF9D662001942FE /* AnalyticsView.swift */,
				E46A65FC2C0C8E9600D9544B /* AnalyticsView+Functions.swift */,
				E4E3D0ED2BFC034C001942FE /* OverviewClearTypeOverallGraph.swift */,
				E4E3D0EF2BFC03CB001942FE /* OverviewClearTypePerDifficultyGraph.swift */,
				E4E3D0F12BFC0489001942FE /* OverviewDJLevelPerDifficultyGraph.swift */,
				E46D51B52C2858E3000524B9 /* TrendsClearTypeGraph.swift */,
				E47269002C3A2A5C00D5335D /* TrendsDJLevelGraph.swift */,
				E4E3D0F32BFC053D001942FE /* DifficultyPicker.swift */,
			);
			path = Analytics;
			sourceTree = "<group>";
		};
		E4EB2CA12BFF78E400A00796 /* Data Models */ = {
			isa = PBXGroup;
			children = (
				E46A65E42C0ACADB00D9544B /* IIDXSong.swift */,
				E4B123B32BF8E8E400D4A3D1 /* IIDXSongRecord.swift */,
				E4EB2CA22BFF78F300A00796 /* ImportGroup.swift */,
			);
			path = "Data Models";
			sourceTree = "<group>";
		};
		E4EB2CA62BFF7E2C00A00796 /* Importer */ = {
			isa = PBXGroup;
			children = (
				E4EB2CA72BFF7E3700A00796 /* ImportView.swift */,
				E4E3D0E72BFA2B95001942FE /* WebImporter.swift */,
				E49359DB2C00C29C0022E385 /* ManualImporter.swift */,
			);
			path = Importer;
			sourceTree = "<group>";
		};
/* End PBXGroup section */

/* Begin PBXNativeTarget section */
		E4B123AB2BF8E8E400D4A3D1 /* DJDX */ = {
			isa = PBXNativeTarget;
			buildConfigurationList = E4B123BC2BF8E8E500D4A3D1 /* Build configuration list for PBXNativeTarget "DJDX" */;
			buildPhases = (
				E4B123A82BF8E8E400D4A3D1 /* Sources */,
				E4B123A92BF8E8E400D4A3D1 /* Frameworks */,
				E4B123AA2BF8E8E400D4A3D1 /* Resources */,
				E4E3D0DF2BF9D695001942FE /* ShellScript */,
			);
			buildRules = (
			);
			dependencies = (
			);
			name = DJDX;
			packageProductDependencies = (
				E4E3D0D62BF9A220001942FE /* Komponents */,
				E46A65E22C0ACAC400D9544B /* SwiftSoup */,
				E46D51B32C284CFE000524B9 /* Collections */,
			);
			productName = DJDX;
			productReference = E4B123AC2BF8E8E400D4A3D1 /* DJDX.app */;
			productType = "com.apple.product-type.application";
		};
/* End PBXNativeTarget section */

/* Begin PBXProject section */
		E4B123A42BF8E8E400D4A3D1 /* Project object */ = {
			isa = PBXProject;
			attributes = {
				BuildIndependentTargetsInParallel = 1;
				LastSwiftUpdateCheck = 1540;
				LastUpgradeCheck = 1600;
				TargetAttributes = {
					E4B123AB2BF8E8E400D4A3D1 = {
						CreatedOnToolsVersion = 15.4;
					};
				};
			};
			buildConfigurationList = E4B123A72BF8E8E400D4A3D1 /* Build configuration list for PBXProject "DJDX" */;
			compatibilityVersion = "Xcode 14.0";
			developmentRegion = ja;
			hasScannedForEncodings = 0;
			knownRegions = (
				Base,
				ja,
				en,
			);
			mainGroup = E4B123A32BF8E8E400D4A3D1;
			packageReferences = (
				E4E3D0D52BF9A220001942FE /* XCRemoteSwiftPackageReference "Komponents" */,
				E46A65E12C0ACAC400D9544B /* XCRemoteSwiftPackageReference "SwiftSoup" */,
				E46D51B22C284CFE000524B9 /* XCRemoteSwiftPackageReference "swift-collections" */,
			);
			productRefGroup = E4B123AD2BF8E8E400D4A3D1 /* Products */;
			projectDirPath = "";
			projectRoot = "";
			targets = (
				E4B123AB2BF8E8E400D4A3D1 /* DJDX */,
			);
		};
/* End PBXProject section */

/* Begin PBXResourcesBuildPhase section */
		E4B123AA2BF8E8E400D4A3D1 /* Resources */ = {
			isa = PBXResourcesBuildPhase;
			buildActionMask = 2147483647;
			files = (
				E4B123CB2BF8F7DC00D4A3D1 /* SampleData.csv in Resources */,
				E4B123B62BF8E8E500D4A3D1 /* Assets.xcassets in Resources */,
				E46A65EA2C0AE83E00D9544B /* Localizable.xcstrings in Resources */,
			);
			runOnlyForDeploymentPostprocessing = 0;
		};
/* End PBXResourcesBuildPhase section */

/* Begin PBXShellScriptBuildPhase section */
		E4E3D0DF2BF9D695001942FE /* ShellScript */ = {
			isa = PBXShellScriptBuildPhase;
			alwaysOutOfDate = 1;
			buildActionMask = 2147483647;
			files = (
			);
			inputFileListPaths = (
			);
			inputPaths = (
			);
			outputFileListPaths = (
			);
			outputPaths = (
			);
			runOnlyForDeploymentPostprocessing = 0;
			shellPath = /bin/sh;
			shellScript = "export PATH=\"$PATH:/opt/homebrew/bin\"\nif which swiftlint > /dev/null; then\n  swiftlint\nelse\n  echo \"warning: SwiftLint not installed, download from https://github.com/realm/SwiftLint\"\nfi\n";
		};
/* End PBXShellScriptBuildPhase section */

/* Begin PBXSourcesBuildPhase section */
		E4B123A82BF8E8E400D4A3D1 /* Sources */ = {
			isa = PBXSourcesBuildPhase;
			buildActionMask = 2147483647;
			files = (
				E49359DF2C00E4230022E385 /* LevelLabelOrientation.swift in Sources */,
				E4B123B22BF8E8E400D4A3D1 /* ScoresView.swift in Sources */,
				E46A65E52C0ACADB00D9544B /* IIDXSong.swift in Sources */,
				E46A66052C0CA71E00D9544B /* ScoreRow.swift in Sources */,
				E45B1D0D2CB271D4006A7E85 /* TowerView.swift in Sources */,
				E48B628A2C5F47CF007874AE /* UserDefaults.swift in Sources */,
				E4E3D0D02BF9959A001942FE /* IIDXLevelShowcase.swift in Sources */,
				E46D51AD2C2648B1000524B9 /* ToolbarButton.swift in Sources */,
				E4E3D0D22BF99790001942FE /* DetailedSongTitle.swift in Sources */,
				E46A65ED2C0AFC7800D9544B /* MoreBemaniWikiCharts.swift in Sources */,
				E4E3D0CE2BF990CC001942FE /* IIDXLevelLabel.swift in Sources */,
				E46A65FD2C0C8E9600D9544B /* AnalyticsView+Functions.swift in Sources */,
				E46D51C12C2FF737000524B9 /* ImportWikiDataTip.swift in Sources */,
				E45B1CEA2CB15942006A7E85 /* SortOptions.swift in Sources */,
				E48ABABC2C1F2AEF00C82578 /* PlayTypePicker.swift in Sources */,
				E45B1D082CB19968006A7E85 /* AutomaticMatchedTransitionSource.swift in Sources */,
				E4E3D0F22BFC0489001942FE /* OverviewDJLevelPerDifficultyGraph.swift in Sources */,
				E49359E32C0170E80022E385 /* IIDXLevel.swift in Sources */,
				E4EB2CA82BFF7E3700A00796 /* ImportView.swift in Sources */,
				E46D51B12C26501D000524B9 /* LargeInlineTitle.swift in Sources */,
				E46D51AB2C25BDFA000524B9 /* AnalyticsViewMode.swift in Sources */,
				E49359DC2C00C29C0022E385 /* ManualImporter.swift in Sources */,
				E46A65E02C0A276800D9544B /* DetailRow.swift in Sources */,
				E4C5053C2C0E71D700A0C303 /* ScoreHistoryViewer.swift in Sources */,
				E4B123D72BF90A4300D4A3D1 /* MoreView.swift in Sources */,
				E4BC32822C036CBD006A0F7A /* LevelLabelGlow.swift in Sources */,
				E49359E12C016F2F0022E385 /* SortMode.swift in Sources */,
				E46D51BC2C2B095E000524B9 /* CachedTrendData.swift in Sources */,
				E4BC32802C036C82006A0F7A /* ConditionalShadow.swift in Sources */,
				E4EB2CA32BFF78F300A00796 /* ImportGroup.swift in Sources */,
				E46A65FB2C0B635200D9544B /* IIDXPlaySide.swift in Sources */,
				E46A65FF2C0C918300D9544B /* IIDXDJLevel.swift in Sources */,
				E4E3D0C52BF98D79001942FE /* NavigationManager.swift in Sources */,
				E47269012C3A2A5F00D5335D /* TrendsDJLevelGraph.swift in Sources */,
				E46A65F92C0B5E7300D9544B /* TextageViewer.swift in Sources */,
				E46A65E72C0ACBAA00D9544B /* IIDXPlayType.swift in Sources */,
				E4E3D0C32BF98D57001942FE /* ScoreViewer.swift in Sources */,
				E4B123B42BF8E8E400D4A3D1 /* IIDXSongRecord.swift in Sources */,
				E4B4CF9F2C10AA6F0069EC8C /* String.swift in Sources */,
				E46A66012C0C926E00D9544B /* IIDXClearType.swift in Sources */,
				E45B1D0A2CB19973006A7E85 /* AutomaticNavigationTransition.swift in Sources */,
				E48365662C9E4291008666E3 /* DataImporter.swift in Sources */,
				E46A66092C0CC45500D9544B /* NoteTypeDetailRow.swift in Sources */,
				E4E3D0CC2BF98DC7001942FE /* ViewPath.swift in Sources */,
				E46A65F52C0B3C9700D9544B /* ProgressAlertManager.swift in Sources */,
				E46D51BF2C2FF5FF000524B9 /* StartHereTip.swift in Sources */,
				E4E3D0F42BFC053D001942FE /* DifficultyPicker.swift in Sources */,
				E45B1CE22CB0EBDB006A7E85 /* DataFetcher.swift in Sources */,
				E46A66032C0CA6D000D9544B /* IIDXDifficulty.swift in Sources */,
				E45B1CEC2CB1790A006A7E85 /* IIDXVersion.swift in Sources */,
				E4B123CE2BF8FEC900D4A3D1 /* CSwiftV.swift in Sources */,
				E4E3D0DE2BF9D662001942FE /* AnalyticsView.swift in Sources */,
				E46A66072C0CC12800D9544B /* ScoreSortAndFilter.swift in Sources */,
				E4B123B02BF8E8E400D4A3D1 /* App.swift in Sources */,
				E46D51B62C2858E3000524B9 /* TrendsClearTypeGraph.swift in Sources */,
				E45B1CE82CB158F8006A7E85 /* FilterOptions.swift in Sources */,
				E4E3D0EE2BFC034C001942FE /* OverviewClearTypeOverallGraph.swift in Sources */,
				E46A65F32C0B112900D9544B /* LevelDetailRow.swift in Sources */,
				E4B123DA2BF90C1D00D4A3D1 /* DocumentPicker.swift in Sources */,
				E4B123D22BF909CD00D4A3D1 /* MainTabView.swift in Sources */,
				E46A660B2C0CC59500D9544B /* ClearTypeDetailRow.swift in Sources */,
				E45B1D0F2CB27962006A7E85 /* JavaScript.swift in Sources */,
				E4E3D0F02BFC03CB001942FE /* OverviewClearTypePerDifficultyGraph.swift in Sources */,
				E45B1D132CB2ACAE006A7E85 /* ScoresView+Functions.swift in Sources */,
				E46A65EF2C0AFF0000D9544B /* ProgressAlert.swift in Sources */,
				E4E3D0D42BF99A86001942FE /* ScoreSection.swift in Sources */,
				E46D51AF2C264E73000524B9 /* TabBarAccessory.swift in Sources */,
				E4E3D0E82BFA2B95001942FE /* WebImporter.swift in Sources */,
				E49359DA2C00AD060022E385 /* DataState.swift in Sources */,
				E4E3D0CA2BF98DB7001942FE /* TabType.swift in Sources */,
				E4E3D0EA2BFA47B1001942FE /* ImportFailedReason.swift in Sources */,
			);
			runOnlyForDeploymentPostprocessing = 0;
		};
/* End PBXSourcesBuildPhase section */

/* Begin XCBuildConfiguration section */
		E4B123BA2BF8E8E500D4A3D1 /* Debug */ = {
			isa = XCBuildConfiguration;
			buildSettings = {
				ALWAYS_SEARCH_USER_PATHS = NO;
				ASSETCATALOG_COMPILER_GENERATE_SWIFT_ASSET_SYMBOL_EXTENSIONS = YES;
				CLANG_ANALYZER_LOCALIZABILITY_NONLOCALIZED = YES;
				CLANG_ANALYZER_NONNULL = YES;
				CLANG_ANALYZER_NUMBER_OBJECT_CONVERSION = YES_AGGRESSIVE;
				CLANG_CXX_LANGUAGE_STANDARD = "gnu++20";
				CLANG_ENABLE_MODULES = YES;
				CLANG_ENABLE_OBJC_ARC = YES;
				CLANG_ENABLE_OBJC_WEAK = YES;
				CLANG_WARN_BLOCK_CAPTURE_AUTORELEASING = YES;
				CLANG_WARN_BOOL_CONVERSION = YES;
				CLANG_WARN_COMMA = YES;
				CLANG_WARN_CONSTANT_CONVERSION = YES;
				CLANG_WARN_DEPRECATED_OBJC_IMPLEMENTATIONS = YES;
				CLANG_WARN_DIRECT_OBJC_ISA_USAGE = YES_ERROR;
				CLANG_WARN_DOCUMENTATION_COMMENTS = YES;
				CLANG_WARN_EMPTY_BODY = YES;
				CLANG_WARN_ENUM_CONVERSION = YES;
				CLANG_WARN_INFINITE_RECURSION = YES;
				CLANG_WARN_INT_CONVERSION = YES;
				CLANG_WARN_NON_LITERAL_NULL_CONVERSION = YES;
				CLANG_WARN_OBJC_IMPLICIT_RETAIN_SELF = YES;
				CLANG_WARN_OBJC_LITERAL_CONVERSION = YES;
				CLANG_WARN_OBJC_ROOT_CLASS = YES_ERROR;
				CLANG_WARN_QUOTED_INCLUDE_IN_FRAMEWORK_HEADER = YES;
				CLANG_WARN_RANGE_LOOP_ANALYSIS = YES;
				CLANG_WARN_STRICT_PROTOTYPES = YES;
				CLANG_WARN_SUSPICIOUS_MOVE = YES;
				CLANG_WARN_UNGUARDED_AVAILABILITY = YES_AGGRESSIVE;
				CLANG_WARN_UNREACHABLE_CODE = YES;
				CLANG_WARN__DUPLICATE_METHOD_MATCH = YES;
				COPY_PHASE_STRIP = NO;
				DEBUG_INFORMATION_FORMAT = dwarf;
				ENABLE_STRICT_OBJC_MSGSEND = YES;
				ENABLE_TESTABILITY = YES;
				ENABLE_USER_SCRIPT_SANDBOXING = YES;
				GCC_C_LANGUAGE_STANDARD = gnu17;
				GCC_DYNAMIC_NO_PIC = NO;
				GCC_NO_COMMON_BLOCKS = YES;
				GCC_OPTIMIZATION_LEVEL = 0;
				GCC_PREPROCESSOR_DEFINITIONS = (
					"DEBUG=1",
					"$(inherited)",
				);
				GCC_WARN_64_TO_32_BIT_CONVERSION = YES;
				GCC_WARN_ABOUT_RETURN_TYPE = YES_ERROR;
				GCC_WARN_UNDECLARED_SELECTOR = YES;
				GCC_WARN_UNINITIALIZED_AUTOS = YES_AGGRESSIVE;
				GCC_WARN_UNUSED_FUNCTION = YES;
				GCC_WARN_UNUSED_VARIABLE = YES;
				IPHONEOS_DEPLOYMENT_TARGET = 17.5;
				LOCALIZATION_PREFERS_STRING_CATALOGS = YES;
				MTL_ENABLE_DEBUG_INFO = INCLUDE_SOURCE;
				MTL_FAST_MATH = YES;
				ONLY_ACTIVE_ARCH = YES;
				SDKROOT = iphoneos;
				SWIFT_ACTIVE_COMPILATION_CONDITIONS = "DEBUG $(inherited)";
				SWIFT_OPTIMIZATION_LEVEL = "-Onone";
				SWIFT_STRICT_CONCURRENCY = complete;
			};
			name = Debug;
		};
		E4B123BB2BF8E8E500D4A3D1 /* Release */ = {
			isa = XCBuildConfiguration;
			buildSettings = {
				ALWAYS_SEARCH_USER_PATHS = NO;
				ASSETCATALOG_COMPILER_GENERATE_SWIFT_ASSET_SYMBOL_EXTENSIONS = YES;
				CLANG_ANALYZER_LOCALIZABILITY_NONLOCALIZED = YES;
				CLANG_ANALYZER_NONNULL = YES;
				CLANG_ANALYZER_NUMBER_OBJECT_CONVERSION = YES_AGGRESSIVE;
				CLANG_CXX_LANGUAGE_STANDARD = "gnu++20";
				CLANG_ENABLE_MODULES = YES;
				CLANG_ENABLE_OBJC_ARC = YES;
				CLANG_ENABLE_OBJC_WEAK = YES;
				CLANG_WARN_BLOCK_CAPTURE_AUTORELEASING = YES;
				CLANG_WARN_BOOL_CONVERSION = YES;
				CLANG_WARN_COMMA = YES;
				CLANG_WARN_CONSTANT_CONVERSION = YES;
				CLANG_WARN_DEPRECATED_OBJC_IMPLEMENTATIONS = YES;
				CLANG_WARN_DIRECT_OBJC_ISA_USAGE = YES_ERROR;
				CLANG_WARN_DOCUMENTATION_COMMENTS = YES;
				CLANG_WARN_EMPTY_BODY = YES;
				CLANG_WARN_ENUM_CONVERSION = YES;
				CLANG_WARN_INFINITE_RECURSION = YES;
				CLANG_WARN_INT_CONVERSION = YES;
				CLANG_WARN_NON_LITERAL_NULL_CONVERSION = YES;
				CLANG_WARN_OBJC_IMPLICIT_RETAIN_SELF = YES;
				CLANG_WARN_OBJC_LITERAL_CONVERSION = YES;
				CLANG_WARN_OBJC_ROOT_CLASS = YES_ERROR;
				CLANG_WARN_QUOTED_INCLUDE_IN_FRAMEWORK_HEADER = YES;
				CLANG_WARN_RANGE_LOOP_ANALYSIS = YES;
				CLANG_WARN_STRICT_PROTOTYPES = YES;
				CLANG_WARN_SUSPICIOUS_MOVE = YES;
				CLANG_WARN_UNGUARDED_AVAILABILITY = YES_AGGRESSIVE;
				CLANG_WARN_UNREACHABLE_CODE = YES;
				CLANG_WARN__DUPLICATE_METHOD_MATCH = YES;
				COPY_PHASE_STRIP = NO;
				DEBUG_INFORMATION_FORMAT = "dwarf-with-dsym";
				ENABLE_NS_ASSERTIONS = NO;
				ENABLE_STRICT_OBJC_MSGSEND = YES;
				ENABLE_USER_SCRIPT_SANDBOXING = YES;
				GCC_C_LANGUAGE_STANDARD = gnu17;
				GCC_NO_COMMON_BLOCKS = YES;
				GCC_WARN_64_TO_32_BIT_CONVERSION = YES;
				GCC_WARN_ABOUT_RETURN_TYPE = YES_ERROR;
				GCC_WARN_UNDECLARED_SELECTOR = YES;
				GCC_WARN_UNINITIALIZED_AUTOS = YES_AGGRESSIVE;
				GCC_WARN_UNUSED_FUNCTION = YES;
				GCC_WARN_UNUSED_VARIABLE = YES;
				IPHONEOS_DEPLOYMENT_TARGET = 17.5;
				LOCALIZATION_PREFERS_STRING_CATALOGS = YES;
				MTL_ENABLE_DEBUG_INFO = NO;
				MTL_FAST_MATH = YES;
				SDKROOT = iphoneos;
				SWIFT_COMPILATION_MODE = wholemodule;
				SWIFT_STRICT_CONCURRENCY = complete;
				VALIDATE_PRODUCT = YES;
			};
			name = Release;
		};
		E4B123BD2BF8E8E500D4A3D1 /* Debug */ = {
			isa = XCBuildConfiguration;
			buildSettings = {
				ASSETCATALOG_COMPILER_APPICON_NAME = AppIcon;
				ASSETCATALOG_COMPILER_GLOBAL_ACCENT_COLOR_NAME = AccentColor;
				CODE_SIGN_ENTITLEMENTS = DJDX/DJDX.entitlements;
				CODE_SIGN_STYLE = Automatic;
				CURRENT_PROJECT_VERSION = 1;
				DEVELOPMENT_TEAM = YYM4Z6MU8F;
				ENABLE_PREVIEWS = YES;
				ENABLE_USER_SCRIPT_SANDBOXING = NO;
				GENERATE_INFOPLIST_FILE = YES;
				INFOPLIST_FILE = DJDX/Info.plist;
				INFOPLIST_KEY_LSApplicationCategoryType = "public.app-category.entertainment";
				INFOPLIST_KEY_LSSupportsOpeningDocumentsInPlace = YES;
				INFOPLIST_KEY_UIApplicationSceneManifest_Generation = YES;
				INFOPLIST_KEY_UIApplicationSupportsIndirectInputEvents = YES;
				INFOPLIST_KEY_UILaunchScreen_Generation = YES;
				INFOPLIST_KEY_UISupportedInterfaceOrientations_iPad = "UIInterfaceOrientationPortrait UIInterfaceOrientationPortraitUpsideDown UIInterfaceOrientationLandscapeLeft UIInterfaceOrientationLandscapeRight";
				INFOPLIST_KEY_UISupportedInterfaceOrientations_iPhone = "UIInterfaceOrientationPortrait UIInterfaceOrientationLandscapeLeft UIInterfaceOrientationLandscapeRight";
				IPHONEOS_DEPLOYMENT_TARGET = 17.5;
				LD_RUNPATH_SEARCH_PATHS = (
					"$(inherited)",
					"@executable_path/Frameworks",
				);
				MARKETING_VERSION = 32.1.2;
				PRODUCT_BUNDLE_IDENTIFIER = com.tsubuzaki.DJDX;
				PRODUCT_NAME = "$(TARGET_NAME)";
				SUPPORTED_PLATFORMS = "iphoneos iphonesimulator xros xrsimulator";
				SUPPORTS_MACCATALYST = NO;
				SUPPORTS_XR_DESIGNED_FOR_IPHONE_IPAD = NO;
				SWIFT_EMIT_LOC_STRINGS = YES;
				SWIFT_VERSION = 6.0;
				TARGETED_DEVICE_FAMILY = "1,2,7";
				XROS_DEPLOYMENT_TARGET = 1.0;
			};
			name = Debug;
		};
		E4B123BE2BF8E8E500D4A3D1 /* Release */ = {
			isa = XCBuildConfiguration;
			buildSettings = {
				ASSETCATALOG_COMPILER_APPICON_NAME = AppIcon;
				ASSETCATALOG_COMPILER_GLOBAL_ACCENT_COLOR_NAME = AccentColor;
				CODE_SIGN_ENTITLEMENTS = DJDX/DJDX.entitlements;
				CODE_SIGN_STYLE = Automatic;
				CURRENT_PROJECT_VERSION = 1;
				DEVELOPMENT_TEAM = YYM4Z6MU8F;
				ENABLE_MODULE_VERIFIER = YES;
				ENABLE_PREVIEWS = YES;
				ENABLE_USER_SCRIPT_SANDBOXING = NO;
				GENERATE_INFOPLIST_FILE = YES;
				INFOPLIST_FILE = DJDX/Info.plist;
				INFOPLIST_KEY_LSApplicationCategoryType = "public.app-category.entertainment";
				INFOPLIST_KEY_LSSupportsOpeningDocumentsInPlace = YES;
				INFOPLIST_KEY_UIApplicationSceneManifest_Generation = YES;
				INFOPLIST_KEY_UIApplicationSupportsIndirectInputEvents = YES;
				INFOPLIST_KEY_UILaunchScreen_Generation = YES;
				INFOPLIST_KEY_UISupportedInterfaceOrientations_iPad = "UIInterfaceOrientationPortrait UIInterfaceOrientationPortraitUpsideDown UIInterfaceOrientationLandscapeLeft UIInterfaceOrientationLandscapeRight";
				INFOPLIST_KEY_UISupportedInterfaceOrientations_iPhone = "UIInterfaceOrientationPortrait UIInterfaceOrientationLandscapeLeft UIInterfaceOrientationLandscapeRight";
				IPHONEOS_DEPLOYMENT_TARGET = 17.5;
				LD_RUNPATH_SEARCH_PATHS = (
					"$(inherited)",
					"@executable_path/Frameworks",
				);
				MARKETING_VERSION = 32.1.2;
				PRODUCT_BUNDLE_IDENTIFIER = com.tsubuzaki.DJDX;
				PRODUCT_NAME = "$(TARGET_NAME)";
				SUPPORTED_PLATFORMS = "iphoneos iphonesimulator xros xrsimulator";
				SUPPORTS_MACCATALYST = NO;
				SUPPORTS_XR_DESIGNED_FOR_IPHONE_IPAD = NO;
				SWIFT_EMIT_LOC_STRINGS = YES;
				SWIFT_VERSION = 6.0;
				TARGETED_DEVICE_FAMILY = "1,2,7";
				XROS_DEPLOYMENT_TARGET = 1.0;
			};
			name = Release;
		};
/* End XCBuildConfiguration section */

/* Begin XCConfigurationList section */
		E4B123A72BF8E8E400D4A3D1 /* Build configuration list for PBXProject "DJDX" */ = {
			isa = XCConfigurationList;
			buildConfigurations = (
				E4B123BA2BF8E8E500D4A3D1 /* Debug */,
				E4B123BB2BF8E8E500D4A3D1 /* Release */,
			);
			defaultConfigurationIsVisible = 0;
			defaultConfigurationName = Release;
		};
		E4B123BC2BF8E8E500D4A3D1 /* Build configuration list for PBXNativeTarget "DJDX" */ = {
			isa = XCConfigurationList;
			buildConfigurations = (
				E4B123BD2BF8E8E500D4A3D1 /* Debug */,
				E4B123BE2BF8E8E500D4A3D1 /* Release */,
			);
			defaultConfigurationIsVisible = 0;
			defaultConfigurationName = Release;
		};
/* End XCConfigurationList section */

/* Begin XCRemoteSwiftPackageReference section */
		E46A65E12C0ACAC400D9544B /* XCRemoteSwiftPackageReference "SwiftSoup" */ = {
			isa = XCRemoteSwiftPackageReference;
			repositoryURL = "https://github.com/scinfu/SwiftSoup";
			requirement = {
				kind = upToNextMinorVersion;
				minimumVersion = 2.7.2;
			};
		};
		E46D51B22C284CFE000524B9 /* XCRemoteSwiftPackageReference "swift-collections" */ = {
			isa = XCRemoteSwiftPackageReference;
			repositoryURL = "https://github.com/apple/swift-collections.git";
			requirement = {
				kind = upToNextMajorVersion;
				minimumVersion = 1.1.1;
			};
		};
		E4E3D0D52BF9A220001942FE /* XCRemoteSwiftPackageReference "Komponents" */ = {
			isa = XCRemoteSwiftPackageReference;
			repositoryURL = "https://github.com/katagaki/Komponents";
			requirement = {
				branch = main;
				kind = branch;
			};
		};
/* End XCRemoteSwiftPackageReference section */

/* Begin XCSwiftPackageProductDependency section */
		E46A65E22C0ACAC400D9544B /* SwiftSoup */ = {
			isa = XCSwiftPackageProductDependency;
			package = E46A65E12C0ACAC400D9544B /* XCRemoteSwiftPackageReference "SwiftSoup" */;
			productName = SwiftSoup;
		};
		E46D51B32C284CFE000524B9 /* Collections */ = {
			isa = XCSwiftPackageProductDependency;
			package = E46D51B22C284CFE000524B9 /* XCRemoteSwiftPackageReference "swift-collections" */;
			productName = Collections;
		};
		E4E3D0D62BF9A220001942FE /* Komponents */ = {
			isa = XCSwiftPackageProductDependency;
			package = E4E3D0D52BF9A220001942FE /* XCRemoteSwiftPackageReference "Komponents" */;
			productName = Komponents;
		};
/* End XCSwiftPackageProductDependency section */
	};
	rootObject = E4B123A42BF8E8E400D4A3D1 /* Project object */;
}
