// !$*UTF8*$!
{
	archiveVersion = 1;
	classes = {
	};
	objectVersion = 56;
	objects = {

/* Begin PBXBuildFile section */
		E4B123B02BF8E8E400D4A3D1 /* App.swift in Sources */ = {isa = PBXBuildFile; fileRef = E4B123AF2BF8E8E400D4A3D1 /* App.swift */; };
		E4B123B22BF8E8E400D4A3D1 /* ScoresView.swift in Sources */ = {isa = PBXBuildFile; fileRef = E4B123B12BF8E8E400D4A3D1 /* ScoresView.swift */; };
		E4B123B42BF8E8E400D4A3D1 /* EPOLISSongRecord.swift in Sources */ = {isa = PBXBuildFile; fileRef = E4B123B32BF8E8E400D4A3D1 /* EPOLISSongRecord.swift */; };
		E4B123B62BF8E8E500D4A3D1 /* Assets.xcassets in Resources */ = {isa = PBXBuildFile; fileRef = E4B123B52BF8E8E500D4A3D1 /* Assets.xcassets */; };
		E4B123CB2BF8F7DC00D4A3D1 /* SampleData.csv in Resources */ = {isa = PBXBuildFile; fileRef = E4B123CA2BF8F7DC00D4A3D1 /* SampleData.csv */; };
		E4B123CE2BF8FEC900D4A3D1 /* CSwiftV.swift in Sources */ = {isa = PBXBuildFile; fileRef = E4B123CD2BF8FEC900D4A3D1 /* CSwiftV.swift */; };
		E4B123D22BF909CD00D4A3D1 /* MainTabView.swift in Sources */ = {isa = PBXBuildFile; fileRef = E4B123D12BF909CD00D4A3D1 /* MainTabView.swift */; };
		E4B123D72BF90A4300D4A3D1 /* MoreView.swift in Sources */ = {isa = PBXBuildFile; fileRef = E4B123D62BF90A4300D4A3D1 /* MoreView.swift */; };
		E4B123DA2BF90C1D00D4A3D1 /* DocumentPicker.swift in Sources */ = {isa = PBXBuildFile; fileRef = E4B123D92BF90C1D00D4A3D1 /* DocumentPicker.swift */; };
		E4E3D0C32BF98D57001942FE /* ScoreViewer.swift in Sources */ = {isa = PBXBuildFile; fileRef = E4E3D0C22BF98D57001942FE /* ScoreViewer.swift */; };
		E4E3D0C52BF98D79001942FE /* NavigationManager.swift in Sources */ = {isa = PBXBuildFile; fileRef = E4E3D0C42BF98D79001942FE /* NavigationManager.swift */; };
		E4E3D0C72BF98DA2001942FE /* TabManager.swift in Sources */ = {isa = PBXBuildFile; fileRef = E4E3D0C62BF98DA2001942FE /* TabManager.swift */; };
		E4E3D0CA2BF98DB7001942FE /* TabType.swift in Sources */ = {isa = PBXBuildFile; fileRef = E4E3D0C92BF98DB7001942FE /* TabType.swift */; };
		E4E3D0CC2BF98DC7001942FE /* ViewPath.swift in Sources */ = {isa = PBXBuildFile; fileRef = E4E3D0CB2BF98DC7001942FE /* ViewPath.swift */; };
		E4E3D0CE2BF990CC001942FE /* SingleLevelLabel.swift in Sources */ = {isa = PBXBuildFile; fileRef = E4E3D0CD2BF990CC001942FE /* SingleLevelLabel.swift */; };
		E4E3D0D02BF9959A001942FE /* LevelShowcase.swift in Sources */ = {isa = PBXBuildFile; fileRef = E4E3D0CF2BF9959A001942FE /* LevelShowcase.swift */; };
		E4E3D0D22BF99790001942FE /* DetailedSongTitle.swift in Sources */ = {isa = PBXBuildFile; fileRef = E4E3D0D12BF99790001942FE /* DetailedSongTitle.swift */; };
		E4E3D0D42BF99A86001942FE /* ScoreSection.swift in Sources */ = {isa = PBXBuildFile; fileRef = E4E3D0D32BF99A86001942FE /* ScoreSection.swift */; };
		E4E3D0D72BF9A220001942FE /* Komponents in Frameworks */ = {isa = PBXBuildFile; productRef = E4E3D0D62BF9A220001942FE /* Komponents */; };
		E4E3D0DB2BF9A3DB001942FE /* ImportView.swift in Sources */ = {isa = PBXBuildFile; fileRef = E4E3D0DA2BF9A3DB001942FE /* ImportView.swift */; };
		E4E3D0DE2BF9D662001942FE /* ChartsView.swift in Sources */ = {isa = PBXBuildFile; fileRef = E4E3D0DD2BF9D662001942FE /* ChartsView.swift */; };
		E4E3D0E12BF9D743001942FE /* .swiftlint.yml in Resources */ = {isa = PBXBuildFile; fileRef = E4E3D0E02BF9D743001942FE /* .swiftlint.yml */; };
		E4E3D0E82BFA2B95001942FE /* WebImporter.swift in Sources */ = {isa = PBXBuildFile; fileRef = E4E3D0E72BFA2B95001942FE /* WebImporter.swift */; };
		E4E3D0EA2BFA47B1001942FE /* ImportFailedReason.swift in Sources */ = {isa = PBXBuildFile; fileRef = E4E3D0E92BFA47B1001942FE /* ImportFailedReason.swift */; };
		E4E3D0EC2BFB9F42001942FE /* Localizable.xcstrings in Resources */ = {isa = PBXBuildFile; fileRef = E4E3D0EB2BFB9F42001942FE /* Localizable.xcstrings */; };
/* End PBXBuildFile section */

/* Begin PBXFileReference section */
		E4B123AC2BF8E8E400D4A3D1 /* DJDX.app */ = {isa = PBXFileReference; explicitFileType = wrapper.application; includeInIndex = 0; path = DJDX.app; sourceTree = BUILT_PRODUCTS_DIR; };
		E4B123AF2BF8E8E400D4A3D1 /* App.swift */ = {isa = PBXFileReference; lastKnownFileType = sourcecode.swift; path = App.swift; sourceTree = "<group>"; };
		E4B123B12BF8E8E400D4A3D1 /* ScoresView.swift */ = {isa = PBXFileReference; lastKnownFileType = sourcecode.swift; path = ScoresView.swift; sourceTree = "<group>"; };
		E4B123B32BF8E8E400D4A3D1 /* EPOLISSongRecord.swift */ = {isa = PBXFileReference; lastKnownFileType = sourcecode.swift; path = EPOLISSongRecord.swift; sourceTree = "<group>"; };
		E4B123B52BF8E8E500D4A3D1 /* Assets.xcassets */ = {isa = PBXFileReference; lastKnownFileType = folder.assetcatalog; path = Assets.xcassets; sourceTree = "<group>"; };
		E4B123CA2BF8F7DC00D4A3D1 /* SampleData.csv */ = {isa = PBXFileReference; fileEncoding = 4; lastKnownFileType = text; path = SampleData.csv; sourceTree = "<group>"; };
		E4B123CD2BF8FEC900D4A3D1 /* CSwiftV.swift */ = {isa = PBXFileReference; lastKnownFileType = sourcecode.swift; path = CSwiftV.swift; sourceTree = "<group>"; };
		E4B123D12BF909CD00D4A3D1 /* MainTabView.swift */ = {isa = PBXFileReference; lastKnownFileType = sourcecode.swift; path = MainTabView.swift; sourceTree = "<group>"; };
		E4B123D62BF90A4300D4A3D1 /* MoreView.swift */ = {isa = PBXFileReference; lastKnownFileType = sourcecode.swift; path = MoreView.swift; sourceTree = "<group>"; };
		E4B123D92BF90C1D00D4A3D1 /* DocumentPicker.swift */ = {isa = PBXFileReference; lastKnownFileType = sourcecode.swift; path = DocumentPicker.swift; sourceTree = "<group>"; };
		E4E3D0C22BF98D57001942FE /* ScoreViewer.swift */ = {isa = PBXFileReference; lastKnownFileType = sourcecode.swift; path = ScoreViewer.swift; sourceTree = "<group>"; };
		E4E3D0C42BF98D79001942FE /* NavigationManager.swift */ = {isa = PBXFileReference; lastKnownFileType = sourcecode.swift; path = NavigationManager.swift; sourceTree = "<group>"; };
		E4E3D0C62BF98DA2001942FE /* TabManager.swift */ = {isa = PBXFileReference; lastKnownFileType = sourcecode.swift; path = TabManager.swift; sourceTree = "<group>"; };
		E4E3D0C92BF98DB7001942FE /* TabType.swift */ = {isa = PBXFileReference; lastKnownFileType = sourcecode.swift; path = TabType.swift; sourceTree = "<group>"; };
		E4E3D0CB2BF98DC7001942FE /* ViewPath.swift */ = {isa = PBXFileReference; lastKnownFileType = sourcecode.swift; path = ViewPath.swift; sourceTree = "<group>"; };
		E4E3D0CD2BF990CC001942FE /* SingleLevelLabel.swift */ = {isa = PBXFileReference; lastKnownFileType = sourcecode.swift; path = SingleLevelLabel.swift; sourceTree = "<group>"; };
		E4E3D0CF2BF9959A001942FE /* LevelShowcase.swift */ = {isa = PBXFileReference; lastKnownFileType = sourcecode.swift; path = LevelShowcase.swift; sourceTree = "<group>"; };
		E4E3D0D12BF99790001942FE /* DetailedSongTitle.swift */ = {isa = PBXFileReference; lastKnownFileType = sourcecode.swift; path = DetailedSongTitle.swift; sourceTree = "<group>"; };
		E4E3D0D32BF99A86001942FE /* ScoreSection.swift */ = {isa = PBXFileReference; lastKnownFileType = sourcecode.swift; path = ScoreSection.swift; sourceTree = "<group>"; };
		E4E3D0D82BF9A2D1001942FE /* Info.plist */ = {isa = PBXFileReference; lastKnownFileType = text.plist; path = Info.plist; sourceTree = "<group>"; };
		E4E3D0DA2BF9A3DB001942FE /* ImportView.swift */ = {isa = PBXFileReference; lastKnownFileType = sourcecode.swift; path = ImportView.swift; sourceTree = "<group>"; };
		E4E3D0DD2BF9D662001942FE /* ChartsView.swift */ = {isa = PBXFileReference; lastKnownFileType = sourcecode.swift; path = ChartsView.swift; sourceTree = "<group>"; };
		E4E3D0E02BF9D743001942FE /* .swiftlint.yml */ = {isa = PBXFileReference; lastKnownFileType = text.yaml; path = .swiftlint.yml; sourceTree = "<group>"; };
		E4E3D0E42BFA243A001942FE /* DJDX.entitlements */ = {isa = PBXFileReference; lastKnownFileType = text.plist.entitlements; path = DJDX.entitlements; sourceTree = "<group>"; };
		E4E3D0E72BFA2B95001942FE /* WebImporter.swift */ = {isa = PBXFileReference; lastKnownFileType = sourcecode.swift; path = WebImporter.swift; sourceTree = "<group>"; };
		E4E3D0E92BFA47B1001942FE /* ImportFailedReason.swift */ = {isa = PBXFileReference; lastKnownFileType = sourcecode.swift; path = ImportFailedReason.swift; sourceTree = "<group>"; };
		E4E3D0EB2BFB9F42001942FE /* Localizable.xcstrings */ = {isa = PBXFileReference; lastKnownFileType = text.json.xcstrings; path = Localizable.xcstrings; sourceTree = "<group>"; };
/* End PBXFileReference section */

/* Begin PBXFrameworksBuildPhase section */
		E4B123A92BF8E8E400D4A3D1 /* Frameworks */ = {
			isa = PBXFrameworksBuildPhase;
			buildActionMask = 2147483647;
			files = (
				E4E3D0D72BF9A220001942FE /* Komponents in Frameworks */,
			);
			runOnlyForDeploymentPostprocessing = 0;
		};
/* End PBXFrameworksBuildPhase section */

/* Begin PBXGroup section */
		E4B123A32BF8E8E400D4A3D1 = {
			isa = PBXGroup;
			children = (
				E4E3D0E02BF9D743001942FE /* .swiftlint.yml */,
				E4B123AE2BF8E8E400D4A3D1 /* DJDX */,
				E4B123AD2BF8E8E400D4A3D1 /* Products */,
			);
			sourceTree = "<group>";
		};
		E4B123AD2BF8E8E400D4A3D1 /* Products */ = {
			isa = PBXGroup;
			children = (
				E4B123AC2BF8E8E400D4A3D1 /* DJDX.app */,
			);
			name = Products;
			sourceTree = "<group>";
		};
		E4B123AE2BF8E8E400D4A3D1 /* DJDX */ = {
			isa = PBXGroup;
			children = (
				E4E3D0E42BFA243A001942FE /* DJDX.entitlements */,
				E4E3D0D82BF9A2D1001942FE /* Info.plist */,
				E4B123B52BF8E8E500D4A3D1 /* Assets.xcassets */,
				E4E3D0EB2BFB9F42001942FE /* Localizable.xcstrings */,
				E4B123CA2BF8F7DC00D4A3D1 /* SampleData.csv */,
				E4B123D02BF902B600D4A3D1 /* Views */,
				E4B123CF2BF9028C00D4A3D1 /* Classes */,
				E4E3D0C82BF98DAA001942FE /* Enums */,
			);
			path = DJDX;
			sourceTree = "<group>";
		};
		E4B123CF2BF9028C00D4A3D1 /* Classes */ = {
			isa = PBXGroup;
			children = (
				E4B123CD2BF8FEC900D4A3D1 /* CSwiftV.swift */,
				E4B123B32BF8E8E400D4A3D1 /* EPOLISSongRecord.swift */,
				E4E3D0C42BF98D79001942FE /* NavigationManager.swift */,
				E4E3D0C62BF98DA2001942FE /* TabManager.swift */,
			);
			path = Classes;
			sourceTree = "<group>";
		};
		E4B123D02BF902B600D4A3D1 /* Views */ = {
			isa = PBXGroup;
			children = (
				E4B123AF2BF8E8E400D4A3D1 /* App.swift */,
				E4B123D12BF909CD00D4A3D1 /* MainTabView.swift */,
				E4B123DB2BF90D1F00D4A3D1 /* Scores */,
				E4E3D0DC2BF9D645001942FE /* Analytics */,
				E4E3D0D92BF9A3D3001942FE /* Import */,
				E4B123DC2BF90D2600D4A3D1 /* More */,
				E4B123D82BF90C1300D4A3D1 /* Shared */,
			);
			path = Views;
			sourceTree = "<group>";
		};
		E4B123D82BF90C1300D4A3D1 /* Shared */ = {
			isa = PBXGroup;
			children = (
				E4E3D0D12BF99790001942FE /* DetailedSongTitle.swift */,
				E4B123D92BF90C1D00D4A3D1 /* DocumentPicker.swift */,
				E4E3D0CF2BF9959A001942FE /* LevelShowcase.swift */,
				E4E3D0CD2BF990CC001942FE /* SingleLevelLabel.swift */,
			);
			path = Shared;
			sourceTree = "<group>";
		};
		E4B123DB2BF90D1F00D4A3D1 /* Scores */ = {
			isa = PBXGroup;
			children = (
				E4B123B12BF8E8E400D4A3D1 /* ScoresView.swift */,
				E4E3D0C22BF98D57001942FE /* ScoreViewer.swift */,
				E4E3D0D32BF99A86001942FE /* ScoreSection.swift */,
			);
			path = Scores;
			sourceTree = "<group>";
		};
		E4B123DC2BF90D2600D4A3D1 /* More */ = {
			isa = PBXGroup;
			children = (
				E4B123D62BF90A4300D4A3D1 /* MoreView.swift */,
			);
			path = More;
			sourceTree = "<group>";
		};
		E4E3D0C82BF98DAA001942FE /* Enums */ = {
			isa = PBXGroup;
			children = (
				E4E3D0CB2BF98DC7001942FE /* ViewPath.swift */,
				E4E3D0C92BF98DB7001942FE /* TabType.swift */,
				E4E3D0E92BFA47B1001942FE /* ImportFailedReason.swift */,
			);
			path = Enums;
			sourceTree = "<group>";
		};
		E4E3D0D92BF9A3D3001942FE /* Import */ = {
			isa = PBXGroup;
			children = (
				E4E3D0DA2BF9A3DB001942FE /* ImportView.swift */,
				E4E3D0E72BFA2B95001942FE /* WebImporter.swift */,
			);
			path = Import;
			sourceTree = "<group>";
		};
		E4E3D0DC2BF9D645001942FE /* Analytics */ = {
			isa = PBXGroup;
			children = (
				E4E3D0DD2BF9D662001942FE /* ChartsView.swift */,
			);
			path = Analytics;
			sourceTree = "<group>";
		};
/* End PBXGroup section */

/* Begin PBXNativeTarget section */
		E4B123AB2BF8E8E400D4A3D1 /* DJDX */ = {
			isa = PBXNativeTarget;
			buildConfigurationList = E4B123BC2BF8E8E500D4A3D1 /* Build configuration list for PBXNativeTarget "DJDX" */;
			buildPhases = (
				E4B123A82BF8E8E400D4A3D1 /* Sources */,
				E4B123A92BF8E8E400D4A3D1 /* Frameworks */,
				E4B123AA2BF8E8E400D4A3D1 /* Resources */,
				E4E3D0DF2BF9D695001942FE /* ShellScript */,
			);
			buildRules = (
			);
			dependencies = (
			);
			name = DJDX;
			packageProductDependencies = (
				E4E3D0D62BF9A220001942FE /* Komponents */,
			);
			productName = DJDX;
			productReference = E4B123AC2BF8E8E400D4A3D1 /* DJDX.app */;
			productType = "com.apple.product-type.application";
		};
/* End PBXNativeTarget section */

/* Begin PBXProject section */
		E4B123A42BF8E8E400D4A3D1 /* Project object */ = {
			isa = PBXProject;
			attributes = {
				BuildIndependentTargetsInParallel = 1;
				LastSwiftUpdateCheck = 1540;
				LastUpgradeCheck = 1540;
				TargetAttributes = {
					E4B123AB2BF8E8E400D4A3D1 = {
						CreatedOnToolsVersion = 15.4;
					};
				};
			};
			buildConfigurationList = E4B123A72BF8E8E400D4A3D1 /* Build configuration list for PBXProject "DJDX" */;
			compatibilityVersion = "Xcode 14.0";
			developmentRegion = ja;
			hasScannedForEncodings = 0;
			knownRegions = (
				Base,
				ja,
				en,
			);
			mainGroup = E4B123A32BF8E8E400D4A3D1;
			packageReferences = (
				E4E3D0D52BF9A220001942FE /* XCRemoteSwiftPackageReference "Komponents" */,
			);
			productRefGroup = E4B123AD2BF8E8E400D4A3D1 /* Products */;
			projectDirPath = "";
			projectRoot = "";
			targets = (
				E4B123AB2BF8E8E400D4A3D1 /* DJDX */,
			);
		};
/* End PBXProject section */

/* Begin PBXResourcesBuildPhase section */
		E4B123AA2BF8E8E400D4A3D1 /* Resources */ = {
			isa = PBXResourcesBuildPhase;
			buildActionMask = 2147483647;
			files = (
				E4E3D0E12BF9D743001942FE /* .swiftlint.yml in Resources */,
				E4B123CB2BF8F7DC00D4A3D1 /* SampleData.csv in Resources */,
				E4E3D0EC2BFB9F42001942FE /* Localizable.xcstrings in Resources */,
				E4B123B62BF8E8E500D4A3D1 /* Assets.xcassets in Resources */,
			);
			runOnlyForDeploymentPostprocessing = 0;
		};
/* End PBXResourcesBuildPhase section */

/* Begin PBXShellScriptBuildPhase section */
		E4E3D0DF2BF9D695001942FE /* ShellScript */ = {
			isa = PBXShellScriptBuildPhase;
			alwaysOutOfDate = 1;
			buildActionMask = 2147483647;
			files = (
			);
			inputFileListPaths = (
			);
			inputPaths = (
			);
			outputFileListPaths = (
			);
			outputPaths = (
			);
			runOnlyForDeploymentPostprocessing = 0;
			shellPath = /bin/sh;
			shellScript = "export PATH=\"$PATH:/opt/homebrew/bin\"\nif which swiftlint > /dev/null; then\n  swiftlint\nelse\n  echo \"warning: SwiftLint not installed, download from https://github.com/realm/SwiftLint\"\nfi\n";
		};
/* End PBXShellScriptBuildPhase section */

/* Begin PBXSourcesBuildPhase section */
		E4B123A82BF8E8E400D4A3D1 /* Sources */ = {
			isa = PBXSourcesBuildPhase;
			buildActionMask = 2147483647;
			files = (
				E4B123B22BF8E8E400D4A3D1 /* ScoresView.swift in Sources */,
				E4E3D0D02BF9959A001942FE /* LevelShowcase.swift in Sources */,
				E4E3D0D22BF99790001942FE /* DetailedSongTitle.swift in Sources */,
				E4E3D0CE2BF990CC001942FE /* SingleLevelLabel.swift in Sources */,
				E4B123D72BF90A4300D4A3D1 /* MoreView.swift in Sources */,
				E4E3D0C52BF98D79001942FE /* NavigationManager.swift in Sources */,
				E4E3D0C32BF98D57001942FE /* ScoreViewer.swift in Sources */,
				E4B123B42BF8E8E400D4A3D1 /* EPOLISSongRecord.swift in Sources */,
				E4E3D0CC2BF98DC7001942FE /* ViewPath.swift in Sources */,
				E4E3D0C72BF98DA2001942FE /* TabManager.swift in Sources */,
				E4B123CE2BF8FEC900D4A3D1 /* CSwiftV.swift in Sources */,
				E4E3D0DE2BF9D662001942FE /* ChartsView.swift in Sources */,
				E4B123B02BF8E8E400D4A3D1 /* App.swift in Sources */,
				E4B123DA2BF90C1D00D4A3D1 /* DocumentPicker.swift in Sources */,
				E4E3D0DB2BF9A3DB001942FE /* ImportView.swift in Sources */,
				E4B123D22BF909CD00D4A3D1 /* MainTabView.swift in Sources */,
				E4E3D0D42BF99A86001942FE /* ScoreSection.swift in Sources */,
				E4E3D0E82BFA2B95001942FE /* WebImporter.swift in Sources */,
				E4E3D0CA2BF98DB7001942FE /* TabType.swift in Sources */,
				E4E3D0EA2BFA47B1001942FE /* ImportFailedReason.swift in Sources */,
			);
			runOnlyForDeploymentPostprocessing = 0;
		};
/* End PBXSourcesBuildPhase section */

/* Begin XCBuildConfiguration section */
		E4B123BA2BF8E8E500D4A3D1 /* Debug */ = {
			isa = XCBuildConfiguration;
			buildSettings = {
				ALWAYS_SEARCH_USER_PATHS = NO;
				ASSETCATALOG_COMPILER_GENERATE_SWIFT_ASSET_SYMBOL_EXTENSIONS = YES;
				CLANG_ANALYZER_NONNULL = YES;
				CLANG_ANALYZER_NUMBER_OBJECT_CONVERSION = YES_AGGRESSIVE;
				CLANG_CXX_LANGUAGE_STANDARD = "gnu++20";
				CLANG_ENABLE_MODULES = YES;
				CLANG_ENABLE_OBJC_ARC = YES;
				CLANG_ENABLE_OBJC_WEAK = YES;
				CLANG_WARN_BLOCK_CAPTURE_AUTORELEASING = YES;
				CLANG_WARN_BOOL_CONVERSION = YES;
				CLANG_WARN_COMMA = YES;
				CLANG_WARN_CONSTANT_CONVERSION = YES;
				CLANG_WARN_DEPRECATED_OBJC_IMPLEMENTATIONS = YES;
				CLANG_WARN_DIRECT_OBJC_ISA_USAGE = YES_ERROR;
				CLANG_WARN_DOCUMENTATION_COMMENTS = YES;
				CLANG_WARN_EMPTY_BODY = YES;
				CLANG_WARN_ENUM_CONVERSION = YES;
				CLANG_WARN_INFINITE_RECURSION = YES;
				CLANG_WARN_INT_CONVERSION = YES;
				CLANG_WARN_NON_LITERAL_NULL_CONVERSION = YES;
				CLANG_WARN_OBJC_IMPLICIT_RETAIN_SELF = YES;
				CLANG_WARN_OBJC_LITERAL_CONVERSION = YES;
				CLANG_WARN_OBJC_ROOT_CLASS = YES_ERROR;
				CLANG_WARN_QUOTED_INCLUDE_IN_FRAMEWORK_HEADER = YES;
				CLANG_WARN_RANGE_LOOP_ANALYSIS = YES;
				CLANG_WARN_STRICT_PROTOTYPES = YES;
				CLANG_WARN_SUSPICIOUS_MOVE = YES;
				CLANG_WARN_UNGUARDED_AVAILABILITY = YES_AGGRESSIVE;
				CLANG_WARN_UNREACHABLE_CODE = YES;
				CLANG_WARN__DUPLICATE_METHOD_MATCH = YES;
				COPY_PHASE_STRIP = NO;
				DEBUG_INFORMATION_FORMAT = dwarf;
				ENABLE_STRICT_OBJC_MSGSEND = YES;
				ENABLE_TESTABILITY = YES;
				ENABLE_USER_SCRIPT_SANDBOXING = YES;
				GCC_C_LANGUAGE_STANDARD = gnu17;
				GCC_DYNAMIC_NO_PIC = NO;
				GCC_NO_COMMON_BLOCKS = YES;
				GCC_OPTIMIZATION_LEVEL = 0;
				GCC_PREPROCESSOR_DEFINITIONS = (
					"DEBUG=1",
					"$(inherited)",
				);
				GCC_WARN_64_TO_32_BIT_CONVERSION = YES;
				GCC_WARN_ABOUT_RETURN_TYPE = YES_ERROR;
				GCC_WARN_UNDECLARED_SELECTOR = YES;
				GCC_WARN_UNINITIALIZED_AUTOS = YES_AGGRESSIVE;
				GCC_WARN_UNUSED_FUNCTION = YES;
				GCC_WARN_UNUSED_VARIABLE = YES;
				IPHONEOS_DEPLOYMENT_TARGET = 17.5;
				LOCALIZATION_PREFERS_STRING_CATALOGS = YES;
				MTL_ENABLE_DEBUG_INFO = INCLUDE_SOURCE;
				MTL_FAST_MATH = YES;
				ONLY_ACTIVE_ARCH = YES;
				SDKROOT = iphoneos;
				SWIFT_ACTIVE_COMPILATION_CONDITIONS = "DEBUG $(inherited)";
				SWIFT_OPTIMIZATION_LEVEL = "-Onone";
			};
			name = Debug;
		};
		E4B123BB2BF8E8E500D4A3D1 /* Release */ = {
			isa = XCBuildConfiguration;
			buildSettings = {
				ALWAYS_SEARCH_USER_PATHS = NO;
				ASSETCATALOG_COMPILER_GENERATE_SWIFT_ASSET_SYMBOL_EXTENSIONS = YES;
				CLANG_ANALYZER_NONNULL = YES;
				CLANG_ANALYZER_NUMBER_OBJECT_CONVERSION = YES_AGGRESSIVE;
				CLANG_CXX_LANGUAGE_STANDARD = "gnu++20";
				CLANG_ENABLE_MODULES = YES;
				CLANG_ENABLE_OBJC_ARC = YES;
				CLANG_ENABLE_OBJC_WEAK = YES;
				CLANG_WARN_BLOCK_CAPTURE_AUTORELEASING = YES;
				CLANG_WARN_BOOL_CONVERSION = YES;
				CLANG_WARN_COMMA = YES;
				CLANG_WARN_CONSTANT_CONVERSION = YES;
				CLANG_WARN_DEPRECATED_OBJC_IMPLEMENTATIONS = YES;
				CLANG_WARN_DIRECT_OBJC_ISA_USAGE = YES_ERROR;
				CLANG_WARN_DOCUMENTATION_COMMENTS = YES;
				CLANG_WARN_EMPTY_BODY = YES;
				CLANG_WARN_ENUM_CONVERSION = YES;
				CLANG_WARN_INFINITE_RECURSION = YES;
				CLANG_WARN_INT_CONVERSION = YES;
				CLANG_WARN_NON_LITERAL_NULL_CONVERSION = YES;
				CLANG_WARN_OBJC_IMPLICIT_RETAIN_SELF = YES;
				CLANG_WARN_OBJC_LITERAL_CONVERSION = YES;
				CLANG_WARN_OBJC_ROOT_CLASS = YES_ERROR;
				CLANG_WARN_QUOTED_INCLUDE_IN_FRAMEWORK_HEADER = YES;
				CLANG_WARN_RANGE_LOOP_ANALYSIS = YES;
				CLANG_WARN_STRICT_PROTOTYPES = YES;
				CLANG_WARN_SUSPICIOUS_MOVE = YES;
				CLANG_WARN_UNGUARDED_AVAILABILITY = YES_AGGRESSIVE;
				CLANG_WARN_UNREACHABLE_CODE = YES;
				CLANG_WARN__DUPLICATE_METHOD_MATCH = YES;
				COPY_PHASE_STRIP = NO;
				DEBUG_INFORMATION_FORMAT = "dwarf-with-dsym";
				ENABLE_NS_ASSERTIONS = NO;
				ENABLE_STRICT_OBJC_MSGSEND = YES;
				ENABLE_USER_SCRIPT_SANDBOXING = YES;
				GCC_C_LANGUAGE_STANDARD = gnu17;
				GCC_NO_COMMON_BLOCKS = YES;
				GCC_WARN_64_TO_32_BIT_CONVERSION = YES;
				GCC_WARN_ABOUT_RETURN_TYPE = YES_ERROR;
				GCC_WARN_UNDECLARED_SELECTOR = YES;
				GCC_WARN_UNINITIALIZED_AUTOS = YES_AGGRESSIVE;
				GCC_WARN_UNUSED_FUNCTION = YES;
				GCC_WARN_UNUSED_VARIABLE = YES;
				IPHONEOS_DEPLOYMENT_TARGET = 17.5;
				LOCALIZATION_PREFERS_STRING_CATALOGS = YES;
				MTL_ENABLE_DEBUG_INFO = NO;
				MTL_FAST_MATH = YES;
				SDKROOT = iphoneos;
				SWIFT_COMPILATION_MODE = wholemodule;
				VALIDATE_PRODUCT = YES;
			};
			name = Release;
		};
		E4B123BD2BF8E8E500D4A3D1 /* Debug */ = {
			isa = XCBuildConfiguration;
			buildSettings = {
				ASSETCATALOG_COMPILER_APPICON_NAME = AppIcon;
				ASSETCATALOG_COMPILER_GLOBAL_ACCENT_COLOR_NAME = AccentColor;
				CODE_SIGN_ENTITLEMENTS = DJDX/DJDX.entitlements;
				CODE_SIGN_STYLE = Automatic;
				CURRENT_PROJECT_VERSION = 1;
				DEVELOPMENT_TEAM = YYM4Z6MU8F;
				ENABLE_PREVIEWS = YES;
				ENABLE_USER_SCRIPT_SANDBOXING = NO;
				GENERATE_INFOPLIST_FILE = YES;
				INFOPLIST_FILE = DJDX/Info.plist;
				INFOPLIST_KEY_LSApplicationCategoryType = "public.app-category.entertainment";
				INFOPLIST_KEY_LSSupportsOpeningDocumentsInPlace = YES;
				INFOPLIST_KEY_UIApplicationSceneManifest_Generation = YES;
				INFOPLIST_KEY_UIApplicationSupportsIndirectInputEvents = YES;
				INFOPLIST_KEY_UILaunchScreen_Generation = YES;
				INFOPLIST_KEY_UISupportedInterfaceOrientations_iPad = "UIInterfaceOrientationPortrait UIInterfaceOrientationPortraitUpsideDown UIInterfaceOrientationLandscapeLeft UIInterfaceOrientationLandscapeRight";
				INFOPLIST_KEY_UISupportedInterfaceOrientations_iPhone = "UIInterfaceOrientationPortrait UIInterfaceOrientationLandscapeLeft UIInterfaceOrientationLandscapeRight";
				LD_RUNPATH_SEARCH_PATHS = (
					"$(inherited)",
					"@executable_path/Frameworks",
				);
				MARKETING_VERSION = 1.0;
				PRODUCT_BUNDLE_IDENTIFIER = com.tsubuzaki.DJDX;
				PRODUCT_NAME = "$(TARGET_NAME)";
				SWIFT_EMIT_LOC_STRINGS = YES;
				SWIFT_VERSION = 5.0;
				TARGETED_DEVICE_FAMILY = "1,2";
			};
			name = Debug;
		};
		E4B123BE2BF8E8E500D4A3D1 /* Release */ = {
			isa = XCBuildConfiguration;
			buildSettings = {
				ASSETCATALOG_COMPILER_APPICON_NAME = AppIcon;
				ASSETCATALOG_COMPILER_GLOBAL_ACCENT_COLOR_NAME = AccentColor;
				CODE_SIGN_ENTITLEMENTS = DJDX/DJDX.entitlements;
				CODE_SIGN_STYLE = Automatic;
				CURRENT_PROJECT_VERSION = 1;
				DEVELOPMENT_TEAM = YYM4Z6MU8F;
				ENABLE_PREVIEWS = YES;
				ENABLE_USER_SCRIPT_SANDBOXING = NO;
				GENERATE_INFOPLIST_FILE = YES;
				INFOPLIST_FILE = DJDX/Info.plist;
				INFOPLIST_KEY_LSApplicationCategoryType = "public.app-category.entertainment";
				INFOPLIST_KEY_LSSupportsOpeningDocumentsInPlace = YES;
				INFOPLIST_KEY_UIApplicationSceneManifest_Generation = YES;
				INFOPLIST_KEY_UIApplicationSupportsIndirectInputEvents = YES;
				INFOPLIST_KEY_UILaunchScreen_Generation = YES;
				INFOPLIST_KEY_UISupportedInterfaceOrientations_iPad = "UIInterfaceOrientationPortrait UIInterfaceOrientationPortraitUpsideDown UIInterfaceOrientationLandscapeLeft UIInterfaceOrientationLandscapeRight";
				INFOPLIST_KEY_UISupportedInterfaceOrientations_iPhone = "UIInterfaceOrientationPortrait UIInterfaceOrientationLandscapeLeft UIInterfaceOrientationLandscapeRight";
				LD_RUNPATH_SEARCH_PATHS = (
					"$(inherited)",
					"@executable_path/Frameworks",
				);
				MARKETING_VERSION = 1.0;
				PRODUCT_BUNDLE_IDENTIFIER = com.tsubuzaki.DJDX;
				PRODUCT_NAME = "$(TARGET_NAME)";
				SWIFT_EMIT_LOC_STRINGS = YES;
				SWIFT_VERSION = 5.0;
				TARGETED_DEVICE_FAMILY = "1,2";
			};
			name = Release;
		};
/* End XCBuildConfiguration section */

/* Begin XCConfigurationList section */
		E4B123A72BF8E8E400D4A3D1 /* Build configuration list for PBXProject "DJDX" */ = {
			isa = XCConfigurationList;
			buildConfigurations = (
				E4B123BA2BF8E8E500D4A3D1 /* Debug */,
				E4B123BB2BF8E8E500D4A3D1 /* Release */,
			);
			defaultConfigurationIsVisible = 0;
			defaultConfigurationName = Release;
		};
		E4B123BC2BF8E8E500D4A3D1 /* Build configuration list for PBXNativeTarget "DJDX" */ = {
			isa = XCConfigurationList;
			buildConfigurations = (
				E4B123BD2BF8E8E500D4A3D1 /* Debug */,
				E4B123BE2BF8E8E500D4A3D1 /* Release */,
			);
			defaultConfigurationIsVisible = 0;
			defaultConfigurationName = Release;
		};
/* End XCConfigurationList section */

/* Begin XCRemoteSwiftPackageReference section */
		E4E3D0D52BF9A220001942FE /* XCRemoteSwiftPackageReference "Komponents" */ = {
			isa = XCRemoteSwiftPackageReference;
			repositoryURL = "https://github.com/katagaki/Komponents";
			requirement = {
				branch = main;
				kind = branch;
			};
		};
/* End XCRemoteSwiftPackageReference section */

/* Begin XCSwiftPackageProductDependency section */
		E4E3D0D62BF9A220001942FE /* Komponents */ = {
			isa = XCSwiftPackageProductDependency;
			package = E4E3D0D52BF9A220001942FE /* XCRemoteSwiftPackageReference "Komponents" */;
			productName = Komponents;
		};
/* End XCSwiftPackageProductDependency section */
	};
	rootObject = E4B123A42BF8E8E400D4A3D1 /* Project object */;
}
